{
  "version": 4,
  "terraform_version": "1.3.7",
  "serial": 14,
  "lineage": "d4300f3e-1eef-baa7-378a-a5042c0f9a8b",
  "outputs": {
    "public_ip_address": {
      "value": "20.172.232.38",
      "type": "string"
    },
    "resource_group_name": {
      "value": "rg-dear-duck",
      "type": "string"
    },
    "tls_private_key": {
      "value": "-----BEGIN RSA PRIVATE KEY-----\nMIIJKQIBAAKCAgEAokES4ri8kyim1AmkBZF8R3QMD8q/4AWd0++uuXWJavEcfQmE\nrAeQw87M2qO0wwFzMx0F7d6jr8p/xHBuag7+vi+sLR0Bexgi1AXw+A9nD26D2W/i\nbrJLHC8uvgBtcL8tk5Ev84JUGEJcTWFZFTEoSe08ddTxrGM+gpDA0dcB2BljJV/j\nxq2pAZzEXgbSQEflA+eJ3G+evM7b0HGxokmASgcBhdMZtYRF0uqd7MrhNZ8AEvPL\nrLj0N+M/oqcV2kljKP+GaGC/B5VLZpxBToRugKL5fQjSss/k+e3Rhm0ujjGXgxi0\nWhUqn33gFlWBhOM0oIrzsZojacaz2npcBPcbLr/xP2o0FNBEWoKIIllf4MJhkj+x\nl+/fHnUqGuUbBZin4nQ9s9pxJVkySgRGUw1LXMdlXQAk+pSphFuL8Yv006rowAyp\nPO+X7syAJIuiB9L/tKh3E+CCvOGwM2A1tDG+LMLTmEfUVc9XusId3rPLVP10PNF5\nauxjCizgBfnUqRgpa5qFc0j0qM6gul7wwUL0Rijg/QnIrWHp8RtfMlFqs6bkd5FM\n/KVTH9sj9BSCFQv5wCjAeXl81EW6BvES6gPlW3YIcAkLPaZKXOb7ICNdWpZLHDH8\n+uLuciAeyvTh8qh8scV3TpAopn903InUVT/qZgkGqbYjwoLGf0xeZ8qrPjcCAwEA\nAQKCAgBHJgXkCWIXnaHaJQgZsPwwUQDhA+UzlQLqZpXVmWbS0DvP0Jau4PpoAozt\n6w9e24nqhfWNoy1f7oosV6jzNPQb7cewWKHHmoPbOWe7PvXQXIPQmzFNnT02dLIo\newOChzKzHN1MCIBbyu2yuNdZZZ7nG/KBMQlwsGw+0L7cxU13t1o0j2HQQ2Jy5I1v\nNcqIiX4xQhy/3upanNLjCpf8NALfc0cFqdYCNKhxnpP1u9kZrElaBjHv4YKl5y6G\nYoJAoCGtXq9PoezipGLV8frpNUVHfy+r1myeIG+l8NUJ/2KE09Y+lFyxi8qO+aGD\n6abL4N248HWAEbkprwo66aDkRH9UQ+VORKPvsywkCG5G9abuZjFN8n9SJQClFHb6\nPIDKbWee8YzgUjhqy0KzGAVBKFjXVijT84iDxe1b+94S0wp3I6dym3bqcqFOpLK/\nZV4qh25R2VJJnz7epF4TEj5qq+XpnK688+FLMmNm8Ro6F9mOi85LRFazon0ccGuj\nKXSQ+siafeM1rj3gUCUn3QOLD755/6Dg3eLGukqjGv1H/q2EGzEDkX86nr4eQ0aU\n3mr+9C2EJ4bSxg9fa4+D83x86z6WSNPikZcnIJYO6PYVMp3Xa2KUKybgKXwqR5AU\nHRgmJjR3b4L3Ytjpn8+2MZ0arY+nJAxOg/IFUIyp1jUxFo52kQKCAQEAxohtCLEW\nMPbuLwa0ittKLzuLwFcX3uBbI55fHqfWJMLblUS2nfNQab9lK1ca/LMcZOpY4Yud\n73BNe6kjDxu+AGlvfSAxQNDCX6+O8/p4OJ9lW1PMFObZaXwg0kryEvZWVGKT1XNM\nF+w587Uj8HGkHLMFH0yfZLi3WpjL1gZpmjznnLYR+oHAskf7DlUy2gb+T/OC+5AV\nTSY8Ko6/GrkhY0SDNMxbn4T9xjshiJZ52s4COrTMOtjcOFeSdQbxfXb5A8Xjl7iT\n2ap8q1Ote411MdFTRpRtPj9rYgw5300J2eU1c49O7ykLsbPXOLNoFsGxxU0iPc6Q\nO6Jl64OXrowA+wKCAQEA0ThXt6IQG5tkxF42PSOmcF/EJucnJKg6sc5OXvb2h0c1\nXFQaH9GcrMR9GP+HMJevKA9aKxDzMBKEvOmSEDGX9E3ogaAMCwg6CVpNXWHCHYfw\nc5DlC3CUGwA297tJt0ygKH4CMkrPyABc5vwluv9pvmpj1rdVYWzeDwNDJSTv+/oL\nY8Gzf0TdZy3dIzepGtM3y0pdnTv90cyex96NOb6bE6vwImWeYtovicsoRNXOC/Lj\nPtCz4dpQEs9nrwPKImFUW+Yx9Y6E4vkjo+MvFyvl86DcDnYU9B93TqWx+vG4akyb\njUQZlrK0wWCwW5fLBOZ1IHi1hcLqK8IABKo3f8WK9QKCAQBxv4ahHT02rrQHE5Nr\nn3rglwBaIkxV8Tumq72aBdWG2HIREv6Cfv7Kp9NiQpT+xex10WM9Ts4der2aJW0l\n4eI5wC8VhNVTaoiDZEXGefJZltHuwpNCQoW8j1cKxc/ul18dGCHVgSrO5hTKEjXW\nNHYvz04XAcKtZbv/112qcaAds9mMCzE/0wnB28X3D0+EZc9dpYqdcY8S1d5RD9pk\niD+d7YozPQcd3Ye9BPIQnQ6SE8hpNF9zM/7w9RO/o0vHc9v2knH04tcrNigZzWav\nTHwiH+nTnYT9zj5LPfAGhdAoHNBENo6mLmE53m1oWjpAF5gwECKXQPuYf1Jf3tSQ\nODzzAoIBAQDJrFr5mxGV2vuOQhZcZvH4HogQy/6yWiuB25E1/y7yhZSNNFCeXUp+\nS0UfBKmHEJ/5qJrNKqCQtTkYdLmkPHnyN+sokGMrezmebFpo6mPYXYJNk90FYvaQ\n9GsH75QGSamUfqqVWgHiE196FJI2KCABOcKVZdG6gNuocweVVX6zUHsMJNpmkrYs\n0Ev6t5udTP7aSgvlFb/8LRbdKMzPXclUdAec0IGVXiY22AswFzxvzih5E2piCjPn\nfd+/F5MQAuvzTfjYcBHuTCOrxcFNv7YAWw3kLrTSAUbbG+NtNvYCGWhUCtHzrr2I\nLjCxiadcSN2ceF7Z2mIp3e5wkLfAxWXFAoIBAQCUocQua1rCrTzXV+alNo8U5GSQ\n0X9ujVB+Sk+QOr4DV9yy1YJp8enNdnl7rMojA57EHoM1s1VVILaQH00WTpCe4LU0\nldDrM2zPCh9Az11YtStix+8iEYyHN0NyUAx5L/5UXJvhnrkkRTaFGJM9SmGRk8eN\n7cHQnJLw6pR0ZyRJD8z2C0Zv/7juhSxI+NcOYR/wWqnS9JxLM1tiLHUlRFHHVahF\n+XZ5df8TP5Vyz1SYyqmt6sY2D6XgPThJ/XYQApPI0JgUJtpriwKNKhmlui6M4uro\ndIDyXAIIKaygWGTw4eCak3jFXYt6zIKPp8DKYIB/iLpUgSs2xJz8YgJ7Z5v4\n-----END RSA PRIVATE KEY-----\n",
      "type": "string",
      "sensitive": true
    }
  },
  "resources": [
    {
      "mode": "managed",
      "type": "azurerm_linux_virtual_machine",
      "name": "my_terraform_vm",
      "provider": "provider[\"registry.terraform.io/hashicorp/azurerm\"]",
      "instances": [
        {
          "schema_version": 0,
          "attributes": {
            "additional_capabilities": [],
            "admin_password": null,
            "admin_ssh_key": [
              {
                "public_key": "ssh-rsa AAAAB3NzaC1yc2EAAAADAQABAAACAQCiQRLiuLyTKKbUCaQFkXxHdAwPyr/gBZ3T7665dYlq8Rx9CYSsB5DDzszao7TDAXMzHQXt3qOvyn/EcG5qDv6+L6wtHQF7GCLUBfD4D2cPboPZb+JuskscLy6+AG1wvy2TkS/zglQYQlxNYVkVMShJ7Tx11PGsYz6CkMDR1wHYGWMlX+PGrakBnMReBtJAR+UD54ncb568ztvQcbGiSYBKBwGF0xm1hEXS6p3syuE1nwAS88usuPQ34z+ipxXaSWMo/4ZoYL8HlUtmnEFOhG6Aovl9CNKyz+T57dGGbS6OMZeDGLRaFSqffeAWVYGE4zSgivOxmiNpxrPaelwE9xsuv/E/ajQU0ERagogiWV/gwmGSP7GX798edSoa5RsFmKfidD2z2nElWTJKBEZTDUtcx2VdACT6lKmEW4vxi/TTqujADKk875fuzIAki6IH0v+0qHcT4IK84bAzYDW0Mb4swtOYR9RVz1e6wh3es8tU/XQ80Xlq7GMKLOAF+dSpGClrmoVzSPSozqC6XvDBQvRGKOD9CcitYenxG18yUWqzpuR3kUz8pVMf2yP0FIIVC/nAKMB5eXzURboG8RLqA+VbdghwCQs9pkpc5vsgI11alkscMfz64u5yIB7K9OHyqHyxxXdOkCimf3TcidRVP+pmCQaptiPCgsZ/TF5nyqs+Nw==\n",
                "username": "azureuser"
              }
            ],
            "admin_username": "azureuser",
            "allow_extension_operations": true,
            "availability_set_id": "",
            "boot_diagnostics": [
              {
                "storage_account_uri": "https://diag57e09701ae8b072c.blob.core.windows.net/"
              }
            ],
            "capacity_reservation_group_id": "",
            "computer_name": "myvm",
            "custom_data": null,
            "dedicated_host_group_id": "",
            "dedicated_host_id": "",
            "disable_password_authentication": true,
            "edge_zone": "",
            "encryption_at_host_enabled": false,
            "eviction_policy": "",
            "extensions_time_budget": "PT1H30M",
            "gallery_application": [],
            "id": "/subscriptions/dbbd5590-84b0-4834-9d30-83e99b0c996d/resourceGroups/rg-dear-duck/providers/Microsoft.Compute/virtualMachines/myVM",
            "identity": [],
            "license_type": "",
            "location": "eastus",
            "max_bid_price": -1,
            "name": "myVM",
            "network_interface_ids": [
              "/subscriptions/dbbd5590-84b0-4834-9d30-83e99b0c996d/resourceGroups/rg-dear-duck/providers/Microsoft.Network/networkInterfaces/myNIC"
            ],
            "os_disk": [
              {
                "caching": "ReadWrite",
                "diff_disk_settings": [],
                "disk_encryption_set_id": "",
                "disk_size_gb": 30,
                "name": "myOsDisk",
                "secure_vm_disk_encryption_set_id": "",
                "security_encryption_type": "",
                "storage_account_type": "Premium_LRS",
                "write_accelerator_enabled": false
              }
            ],
            "patch_assessment_mode": "ImageDefault",
            "patch_mode": "ImageDefault",
            "plan": [],
            "platform_fault_domain": -1,
            "priority": "Regular",
            "private_ip_address": "10.0.1.4",
            "private_ip_addresses": [
              "10.0.1.4"
            ],
            "provision_vm_agent": true,
            "proximity_placement_group_id": "",
            "public_ip_address": "20.172.232.38",
            "public_ip_addresses": [
              "20.172.232.38"
            ],
            "resource_group_name": "rg-dear-duck",
            "secret": [],
            "secure_boot_enabled": false,
            "size": "Standard_DS1_v2",
            "source_image_id": "",
            "source_image_reference": [
              {
                "offer": "0001-com-ubuntu-server-jammy",
                "publisher": "Canonical",
                "sku": "22_04-lts-gen2",
                "version": "latest"
              }
            ],
            "tags": null,
            "termination_notification": null,
            "timeouts": null,
            "user_data": "",
            "virtual_machine_id": "ea22c225-402a-4d7e-a5f9-6c10083bf4a7",
            "virtual_machine_scale_set_id": "",
            "vtpm_enabled": false,
            "zone": ""
          },
          "sensitive_attributes": [],
          "private": "eyJlMmJmYjczMC1lY2FhLTExZTYtOGY4OC0zNDM2M2JjN2M0YzAiOnsiY3JlYXRlIjoyNzAwMDAwMDAwMDAwLCJkZWxldGUiOjI3MDAwMDAwMDAwMDAsInJlYWQiOjMwMDAwMDAwMDAwMCwidXBkYXRlIjoyNzAwMDAwMDAwMDAwfX0=",
          "dependencies": [
            "azurerm_network_interface.my_terraform_nic",
            "azurerm_public_ip.my_terraform_public_ip",
            "azurerm_resource_group.rg",
            "azurerm_storage_account.my_storage_account",
            "azurerm_subnet.my_terraform_subnet",
            "azurerm_virtual_network.my_terraform_network",
            "random_id.random_id",
            "random_pet.rg_name",
            "tls_private_key.example_ssh"
          ]
        }
      ]
    },
    {
      "mode": "managed",
      "type": "azurerm_network_interface",
      "name": "my_terraform_nic",
      "provider": "provider[\"registry.terraform.io/hashicorp/azurerm\"]",
      "instances": [
        {
          "schema_version": 0,
          "attributes": {
            "applied_dns_servers": [],
            "dns_servers": [],
            "edge_zone": "",
            "enable_accelerated_networking": false,
            "enable_ip_forwarding": false,
            "id": "/subscriptions/dbbd5590-84b0-4834-9d30-83e99b0c996d/resourceGroups/rg-dear-duck/providers/Microsoft.Network/networkInterfaces/myNIC",
            "internal_dns_name_label": "",
            "internal_domain_name_suffix": "qcbb2w3y0k1enab0htuygfimcc.bx.internal.cloudapp.net",
            "ip_configuration": [
              {
                "gateway_load_balancer_frontend_ip_configuration_id": "",
                "name": "my_nic_configuration",
                "primary": true,
                "private_ip_address": "10.0.1.4",
                "private_ip_address_allocation": "Dynamic",
                "private_ip_address_version": "IPv4",
                "public_ip_address_id": "/subscriptions/dbbd5590-84b0-4834-9d30-83e99b0c996d/resourceGroups/rg-dear-duck/providers/Microsoft.Network/publicIPAddresses/myPublicIP",
                "subnet_id": "/subscriptions/dbbd5590-84b0-4834-9d30-83e99b0c996d/resourceGroups/rg-dear-duck/providers/Microsoft.Network/virtualNetworks/myVnet/subnets/mySubnet"
              }
            ],
            "location": "eastus",
            "mac_address": "",
            "name": "myNIC",
            "private_ip_address": "10.0.1.4",
            "private_ip_addresses": [
              "10.0.1.4"
            ],
            "resource_group_name": "rg-dear-duck",
            "tags": null,
            "timeouts": null,
            "virtual_machine_id": ""
          },
          "sensitive_attributes": [],
          "private": "eyJlMmJmYjczMC1lY2FhLTExZTYtOGY4OC0zNDM2M2JjN2M0YzAiOnsiY3JlYXRlIjoxODAwMDAwMDAwMDAwLCJkZWxldGUiOjE4MDAwMDAwMDAwMDAsInJlYWQiOjMwMDAwMDAwMDAwMCwidXBkYXRlIjoxODAwMDAwMDAwMDAwfX0=",
          "dependencies": [
            "azurerm_public_ip.my_terraform_public_ip",
            "azurerm_resource_group.rg",
            "azurerm_subnet.my_terraform_subnet",
            "azurerm_virtual_network.my_terraform_network",
            "random_pet.rg_name"
          ]
        }
      ]
    },
    {
      "mode": "managed",
      "type": "azurerm_network_interface_security_group_association",
      "name": "example",
      "provider": "provider[\"registry.terraform.io/hashicorp/azurerm\"]",
      "instances": [
        {
          "schema_version": 0,
          "attributes": {
            "id": "/subscriptions/dbbd5590-84b0-4834-9d30-83e99b0c996d/resourceGroups/rg-dear-duck/providers/Microsoft.Network/networkInterfaces/myNIC|/subscriptions/dbbd5590-84b0-4834-9d30-83e99b0c996d/resourceGroups/rg-dear-duck/providers/Microsoft.Network/networkSecurityGroups/myNetworkSecurityGroup",
            "network_interface_id": "/subscriptions/dbbd5590-84b0-4834-9d30-83e99b0c996d/resourceGroups/rg-dear-duck/providers/Microsoft.Network/networkInterfaces/myNIC",
            "network_security_group_id": "/subscriptions/dbbd5590-84b0-4834-9d30-83e99b0c996d/resourceGroups/rg-dear-duck/providers/Microsoft.Network/networkSecurityGroups/myNetworkSecurityGroup",
            "timeouts": null
          },
          "sensitive_attributes": [],
          "private": "eyJlMmJmYjczMC1lY2FhLTExZTYtOGY4OC0zNDM2M2JjN2M0YzAiOnsiY3JlYXRlIjoxODAwMDAwMDAwMDAwLCJkZWxldGUiOjE4MDAwMDAwMDAwMDAsInJlYWQiOjMwMDAwMDAwMDAwMCwidXBkYXRlIjoxODAwMDAwMDAwMDAwfX0=",
          "dependencies": [
            "azurerm_network_interface.my_terraform_nic",
            "azurerm_network_security_group.my_terraform_nsg",
            "azurerm_public_ip.my_terraform_public_ip",
            "azurerm_resource_group.rg",
            "azurerm_subnet.my_terraform_subnet",
            "azurerm_virtual_network.my_terraform_network",
            "random_pet.rg_name"
          ]
        }
      ]
    },
    {
      "mode": "managed",
      "type": "azurerm_network_security_group",
      "name": "my_terraform_nsg",
      "provider": "provider[\"registry.terraform.io/hashicorp/azurerm\"]",
      "instances": [
        {
          "schema_version": 0,
          "attributes": {
            "id": "/subscriptions/dbbd5590-84b0-4834-9d30-83e99b0c996d/resourceGroups/rg-dear-duck/providers/Microsoft.Network/networkSecurityGroups/myNetworkSecurityGroup",
            "location": "eastus",
            "name": "myNetworkSecurityGroup",
            "resource_group_name": "rg-dear-duck",
            "security_rule": [
              {
                "access": "Allow",
                "description": "",
                "destination_address_prefix": "*",
                "destination_address_prefixes": [],
                "destination_application_security_group_ids": [],
                "destination_port_range": "22",
                "destination_port_ranges": [],
                "direction": "Inbound",
                "name": "SSH",
                "priority": 102,
                "protocol": "Tcp",
                "source_address_prefix": "*",
                "source_address_prefixes": [],
                "source_application_security_group_ids": [],
                "source_port_range": "*",
                "source_port_ranges": []
              },
              {
                "access": "Allow",
                "description": "",
                "destination_address_prefix": "*",
                "destination_address_prefixes": [],
                "destination_application_security_group_ids": [],
                "destination_port_range": "443",
                "destination_port_ranges": [],
                "direction": "Inbound",
                "name": "HTTPS",
                "priority": 101,
                "protocol": "Tcp",
                "source_address_prefix": "*",
                "source_address_prefixes": [],
                "source_application_security_group_ids": [],
                "source_port_range": "*",
                "source_port_ranges": []
              },
              {
                "access": "Allow",
                "description": "",
                "destination_address_prefix": "*",
                "destination_address_prefixes": [],
                "destination_application_security_group_ids": [],
                "destination_port_range": "80",
                "destination_port_ranges": [],
                "direction": "Inbound",
                "name": "HTTP",
                "priority": 100,
                "protocol": "Tcp",
                "source_address_prefix": "*",
                "source_address_prefixes": [],
                "source_application_security_group_ids": [],
                "source_port_range": "*",
                "source_port_ranges": []
              },
              {
                "access": "Allow",
                "description": "",
                "destination_address_prefix": "*",
                "destination_address_prefixes": [],
                "destination_application_security_group_ids": [],
                "destination_port_range": "8080",
                "destination_port_ranges": [],
                "direction": "Inbound",
                "name": "docker",
                "priority": 103,
                "protocol": "Tcp",
                "source_address_prefix": "*",
                "source_address_prefixes": [],
                "source_application_security_group_ids": [],
                "source_port_range": "*",
                "source_port_ranges": []
              }
            ],
            "tags": null,
            "timeouts": null
          },
          "sensitive_attributes": [],
          "private": "eyJlMmJmYjczMC1lY2FhLTExZTYtOGY4OC0zNDM2M2JjN2M0YzAiOnsiY3JlYXRlIjoxODAwMDAwMDAwMDAwLCJkZWxldGUiOjE4MDAwMDAwMDAwMDAsInJlYWQiOjMwMDAwMDAwMDAwMCwidXBkYXRlIjoxODAwMDAwMDAwMDAwfX0=",
          "dependencies": [
            "azurerm_resource_group.rg",
            "random_pet.rg_name"
          ]
        }
      ]
    },
    {
      "mode": "managed",
      "type": "azurerm_public_ip",
      "name": "my_terraform_public_ip",
      "provider": "provider[\"registry.terraform.io/hashicorp/azurerm\"]",
      "instances": [
        {
          "schema_version": 0,
          "attributes": {
            "allocation_method": "Dynamic",
            "ddos_protection_mode": "VirtualNetworkInherited",
            "ddos_protection_plan_id": null,
            "domain_name_label": null,
            "edge_zone": "",
            "fqdn": null,
            "id": "/subscriptions/dbbd5590-84b0-4834-9d30-83e99b0c996d/resourceGroups/rg-dear-duck/providers/Microsoft.Network/publicIPAddresses/myPublicIP",
            "idle_timeout_in_minutes": 4,
            "ip_address": "",
            "ip_tags": null,
            "ip_version": "IPv4",
            "location": "eastus",
            "name": "myPublicIP",
            "public_ip_prefix_id": null,
            "resource_group_name": "rg-dear-duck",
            "reverse_fqdn": null,
            "sku": "Basic",
            "sku_tier": "Regional",
            "tags": null,
            "timeouts": null,
            "zones": null
          },
          "sensitive_attributes": [],
          "private": "eyJlMmJmYjczMC1lY2FhLTExZTYtOGY4OC0zNDM2M2JjN2M0YzAiOnsiY3JlYXRlIjoxODAwMDAwMDAwMDAwLCJkZWxldGUiOjE4MDAwMDAwMDAwMDAsInJlYWQiOjMwMDAwMDAwMDAwMCwidXBkYXRlIjoxODAwMDAwMDAwMDAwfX0=",
          "dependencies": [
            "azurerm_resource_group.rg",
            "random_pet.rg_name"
          ]
        }
      ]
    },
    {
      "mode": "managed",
      "type": "azurerm_resource_group",
      "name": "rg",
      "provider": "provider[\"registry.terraform.io/hashicorp/azurerm\"]",
      "instances": [
        {
          "schema_version": 0,
          "attributes": {
            "id": "/subscriptions/dbbd5590-84b0-4834-9d30-83e99b0c996d/resourceGroups/rg-dear-duck",
            "location": "eastus",
            "name": "rg-dear-duck",
            "tags": null,
            "timeouts": null
          },
          "sensitive_attributes": [],
          "private": "eyJlMmJmYjczMC1lY2FhLTExZTYtOGY4OC0zNDM2M2JjN2M0YzAiOnsiY3JlYXRlIjo1NDAwMDAwMDAwMDAwLCJkZWxldGUiOjU0MDAwMDAwMDAwMDAsInJlYWQiOjMwMDAwMDAwMDAwMCwidXBkYXRlIjo1NDAwMDAwMDAwMDAwfX0=",
          "dependencies": [
            "random_pet.rg_name"
          ]
        }
      ]
    },
    {
      "mode": "managed",
      "type": "azurerm_storage_account",
      "name": "my_storage_account",
      "provider": "provider[\"registry.terraform.io/hashicorp/azurerm\"]",
      "instances": [
        {
          "schema_version": 3,
          "attributes": {
            "access_tier": "Hot",
            "account_kind": "StorageV2",
            "account_replication_type": "LRS",
            "account_tier": "Standard",
            "allow_nested_items_to_be_public": true,
            "allowed_copy_scope": "",
            "azure_files_authentication": [],
            "blob_properties": [
              {
                "change_feed_enabled": false,
                "change_feed_retention_in_days": 0,
                "container_delete_retention_policy": [],
                "cors_rule": [],
                "default_service_version": "",
                "delete_retention_policy": [],
                "last_access_time_enabled": false,
                "restore_policy": [],
                "versioning_enabled": false
              }
            ],
            "cross_tenant_replication_enabled": true,
            "custom_domain": [],
            "customer_managed_key": [],
            "default_to_oauth_authentication": false,
            "edge_zone": "",
            "enable_https_traffic_only": true,
            "id": "/subscriptions/dbbd5590-84b0-4834-9d30-83e99b0c996d/resourceGroups/rg-dear-duck/providers/Microsoft.Storage/storageAccounts/diag57e09701ae8b072c",
            "identity": [],
            "immutability_policy": [],
            "infrastructure_encryption_enabled": false,
            "is_hns_enabled": false,
            "large_file_share_enabled": null,
            "location": "eastus",
            "min_tls_version": "TLS1_2",
            "name": "diag57e09701ae8b072c",
            "network_rules": [
              {
                "bypass": [
                  "AzureServices"
                ],
                "default_action": "Allow",
                "ip_rules": [],
                "private_link_access": [],
                "virtual_network_subnet_ids": []
              }
            ],
            "nfsv3_enabled": false,
            "primary_access_key": "FnJI4JbCgp6SvtYPFnwR17KSfZenFl6J+ib5NyQTyIZyl4Rtihj758bGN2czyXh7UcfK/o+nftEp+AStBM2+NQ==",
            "primary_blob_connection_string": "DefaultEndpointsProtocol=https;BlobEndpoint=https://diag57e09701ae8b072c.blob.core.windows.net/;AccountName=diag57e09701ae8b072c;AccountKey=FnJI4JbCgp6SvtYPFnwR17KSfZenFl6J+ib5NyQTyIZyl4Rtihj758bGN2czyXh7UcfK/o+nftEp+AStBM2+NQ==",
            "primary_blob_endpoint": "https://diag57e09701ae8b072c.blob.core.windows.net/",
            "primary_blob_host": "diag57e09701ae8b072c.blob.core.windows.net",
            "primary_connection_string": "DefaultEndpointsProtocol=https;AccountName=diag57e09701ae8b072c;AccountKey=FnJI4JbCgp6SvtYPFnwR17KSfZenFl6J+ib5NyQTyIZyl4Rtihj758bGN2czyXh7UcfK/o+nftEp+AStBM2+NQ==;EndpointSuffix=core.windows.net",
            "primary_dfs_endpoint": "https://diag57e09701ae8b072c.dfs.core.windows.net/",
            "primary_dfs_host": "diag57e09701ae8b072c.dfs.core.windows.net",
            "primary_file_endpoint": "https://diag57e09701ae8b072c.file.core.windows.net/",
            "primary_file_host": "diag57e09701ae8b072c.file.core.windows.net",
            "primary_location": "eastus",
            "primary_queue_endpoint": "https://diag57e09701ae8b072c.queue.core.windows.net/",
            "primary_queue_host": "diag57e09701ae8b072c.queue.core.windows.net",
            "primary_table_endpoint": "https://diag57e09701ae8b072c.table.core.windows.net/",
            "primary_table_host": "diag57e09701ae8b072c.table.core.windows.net",
            "primary_web_endpoint": "https://diag57e09701ae8b072c.z13.web.core.windows.net/",
            "primary_web_host": "diag57e09701ae8b072c.z13.web.core.windows.net",
            "public_network_access_enabled": true,
            "queue_encryption_key_type": "Service",
            "queue_properties": [
              {
                "cors_rule": [],
                "hour_metrics": [
                  {
                    "enabled": true,
                    "include_apis": true,
                    "retention_policy_days": 7,
                    "version": "1.0"
                  }
                ],
                "logging": [
                  {
                    "delete": false,
                    "read": false,
                    "retention_policy_days": 0,
                    "version": "1.0",
                    "write": false
                  }
                ],
                "minute_metrics": [
                  {
                    "enabled": false,
                    "include_apis": false,
                    "retention_policy_days": 0,
                    "version": "1.0"
                  }
                ]
              }
            ],
            "resource_group_name": "rg-dear-duck",
            "routing": [],
            "sas_policy": [],
            "secondary_access_key": "Fgs7YYmzfONqu3EEEAN2xGh2t0UQVCKV6gvJtO93cAAwsWLdtTMIHVU+Jy7/eHysUk0lYdOYHCre+ASticlXSA==",
            "secondary_blob_connection_string": "",
            "secondary_blob_endpoint": null,
            "secondary_blob_host": null,
            "secondary_connection_string": "DefaultEndpointsProtocol=https;AccountName=diag57e09701ae8b072c;AccountKey=Fgs7YYmzfONqu3EEEAN2xGh2t0UQVCKV6gvJtO93cAAwsWLdtTMIHVU+Jy7/eHysUk0lYdOYHCre+ASticlXSA==;EndpointSuffix=core.windows.net",
            "secondary_dfs_endpoint": null,
            "secondary_dfs_host": null,
            "secondary_file_endpoint": null,
            "secondary_file_host": null,
            "secondary_location": "",
            "secondary_queue_endpoint": null,
            "secondary_queue_host": null,
            "secondary_table_endpoint": null,
            "secondary_table_host": null,
            "secondary_web_endpoint": null,
            "secondary_web_host": null,
            "sftp_enabled": false,
            "share_properties": [
              {
                "cors_rule": [],
                "retention_policy": [
                  {
                    "days": 7
                  }
                ],
                "smb": []
              }
            ],
            "shared_access_key_enabled": true,
            "static_website": [],
            "table_encryption_key_type": "Service",
            "tags": null,
            "timeouts": null
          },
          "sensitive_attributes": [],
          "private": "eyJlMmJmYjczMC1lY2FhLTExZTYtOGY4OC0zNDM2M2JjN2M0YzAiOnsiY3JlYXRlIjozNjAwMDAwMDAwMDAwLCJkZWxldGUiOjM2MDAwMDAwMDAwMDAsInJlYWQiOjMwMDAwMDAwMDAwMCwidXBkYXRlIjozNjAwMDAwMDAwMDAwfSwic2NoZW1hX3ZlcnNpb24iOiIzIn0=",
          "dependencies": [
            "azurerm_resource_group.rg",
            "random_id.random_id",
            "random_pet.rg_name"
          ]
        }
      ]
    },
    {
      "mode": "managed",
      "type": "azurerm_subnet",
      "name": "my_terraform_subnet",
      "provider": "provider[\"registry.terraform.io/hashicorp/azurerm\"]",
      "instances": [
        {
          "schema_version": 0,
          "attributes": {
            "address_prefixes": [
              "10.0.1.0/24"
            ],
            "delegation": [],
            "enforce_private_link_endpoint_network_policies": false,
            "enforce_private_link_service_network_policies": false,
            "id": "/subscriptions/dbbd5590-84b0-4834-9d30-83e99b0c996d/resourceGroups/rg-dear-duck/providers/Microsoft.Network/virtualNetworks/myVnet/subnets/mySubnet",
            "name": "mySubnet",
            "private_endpoint_network_policies_enabled": true,
            "private_link_service_network_policies_enabled": true,
            "resource_group_name": "rg-dear-duck",
            "service_endpoint_policy_ids": null,
            "service_endpoints": null,
            "timeouts": null,
            "virtual_network_name": "myVnet"
          },
          "sensitive_attributes": [],
          "private": "eyJlMmJmYjczMC1lY2FhLTExZTYtOGY4OC0zNDM2M2JjN2M0YzAiOnsiY3JlYXRlIjoxODAwMDAwMDAwMDAwLCJkZWxldGUiOjE4MDAwMDAwMDAwMDAsInJlYWQiOjMwMDAwMDAwMDAwMCwidXBkYXRlIjoxODAwMDAwMDAwMDAwfX0=",
          "dependencies": [
            "azurerm_resource_group.rg",
            "azurerm_virtual_network.my_terraform_network",
            "random_pet.rg_name"
          ]
        }
      ]
    },
    {
      "mode": "managed",
      "type": "azurerm_virtual_machine_extension",
      "name": "example",
      "provider": "provider[\"registry.terraform.io/hashicorp/azurerm\"]",
      "instances": [
        {
          "schema_version": 0,
          "attributes": {
            "auto_upgrade_minor_version": false,
            "automatic_upgrade_enabled": false,
            "failure_suppression_enabled": false,
            "id": "/subscriptions/dbbd5590-84b0-4834-9d30-83e99b0c996d/resourceGroups/rg-dear-duck/providers/Microsoft.Compute/virtualMachines/myVM/extensions/hostname",
            "name": "hostname",
            "protected_settings": "    {\n        \"script\": \"IyEvYmluL2Jhc2gKc3VkbyBhcHQgdXBkYXRlCnN1ZG8gYXB0LWdldCBpbnN0YWxsIC15IGRvY2tlci5pbwpzdWRvIGFwdC1nZXQgaW5zdGFsbCAteSBkb2NrZXItY29tcG9zZSAKY2QgL2hvbWUvdWJ1bnR1Cm1rZGlyIGFwcAplY2hvICJ2ZXJzaW9uOiAnMy4zJwpzZXJ2aWNlczoKICBweXRob24tYXBpOgogICAgaW1hZ2U6IGNhdGFsdW5pYXQxL3B5dGhvbi1kamFuZ28tcGlwZWxpbmU6bGF0ZXN0CiAgICBwb3J0czoKICAgICAgLSAiODA6ODAiCiAgICByZXN0YXJ0OiBhbHdheXMKIiA+PiAuL2FwcC9kb2NrZXItY29tcG9zZS55bWwgCnN1ZG8gZG9ja2VyLWNvbXBvc2UgLWYgLi9hcHAvZG9ja2VyLWNvbXBvc2UueW1sIHVwIC1kIA==\"\n    }\n",
            "protected_settings_from_key_vault": [],
            "publisher": "Microsoft.Azure.Extensions",
            "settings": null,
            "tags": null,
            "timeouts": null,
            "type": "CustomScript",
            "type_handler_version": "2.0",
            "virtual_machine_id": "/subscriptions/dbbd5590-84b0-4834-9d30-83e99b0c996d/resourceGroups/rg-dear-duck/providers/Microsoft.Compute/virtualMachines/myVM"
          },
          "sensitive_attributes": [],
          "private": "eyJlMmJmYjczMC1lY2FhLTExZTYtOGY4OC0zNDM2M2JjN2M0YzAiOnsiY3JlYXRlIjoxODAwMDAwMDAwMDAwLCJkZWxldGUiOjE4MDAwMDAwMDAwMDAsInJlYWQiOjMwMDAwMDAwMDAwMCwidXBkYXRlIjoxODAwMDAwMDAwMDAwfX0=",
          "dependencies": [
            "azurerm_linux_virtual_machine.my_terraform_vm",
            "azurerm_network_interface.my_terraform_nic",
            "azurerm_public_ip.my_terraform_public_ip",
            "azurerm_resource_group.rg",
            "azurerm_storage_account.my_storage_account",
            "azurerm_subnet.my_terraform_subnet",
            "azurerm_virtual_network.my_terraform_network",
            "random_id.random_id",
            "random_pet.rg_name",
            "tls_private_key.example_ssh"
          ]
        }
      ]
    },
    {
      "mode": "managed",
      "type": "azurerm_virtual_network",
      "name": "my_terraform_network",
      "provider": "provider[\"registry.terraform.io/hashicorp/azurerm\"]",
      "instances": [
        {
          "schema_version": 0,
          "attributes": {
            "address_space": [
              "10.0.0.0/16"
            ],
            "bgp_community": "",
            "ddos_protection_plan": [],
            "dns_servers": [],
            "edge_zone": "",
            "flow_timeout_in_minutes": 0,
            "guid": "5b1e8280-d2b8-46b6-803a-3ce983150c12",
            "id": "/subscriptions/dbbd5590-84b0-4834-9d30-83e99b0c996d/resourceGroups/rg-dear-duck/providers/Microsoft.Network/virtualNetworks/myVnet",
            "location": "eastus",
            "name": "myVnet",
            "resource_group_name": "rg-dear-duck",
            "subnet": [],
            "tags": null,
            "timeouts": null
          },
          "sensitive_attributes": [],
          "private": "eyJlMmJmYjczMC1lY2FhLTExZTYtOGY4OC0zNDM2M2JjN2M0YzAiOnsiY3JlYXRlIjoxODAwMDAwMDAwMDAwLCJkZWxldGUiOjE4MDAwMDAwMDAwMDAsInJlYWQiOjMwMDAwMDAwMDAwMCwidXBkYXRlIjoxODAwMDAwMDAwMDAwfX0=",
          "dependencies": [
            "azurerm_resource_group.rg",
            "random_pet.rg_name"
          ]
        }
      ]
    },
    {
      "mode": "managed",
      "type": "random_id",
      "name": "random_id",
      "provider": "provider[\"registry.terraform.io/hashicorp/random\"]",
      "instances": [
        {
          "schema_version": 0,
          "attributes": {
            "b64_std": "V+CXAa6LByw=",
            "b64_url": "V-CXAa6LByw",
            "byte_length": 8,
            "dec": "6332227109562025772",
            "hex": "57e09701ae8b072c",
            "id": "V-CXAa6LByw",
            "keepers": {
              "resource_group": "rg-dear-duck"
            },
            "prefix": null
          },
          "sensitive_attributes": [],
          "dependencies": [
            "azurerm_resource_group.rg",
            "random_pet.rg_name"
          ]
        }
      ]
    },
    {
      "mode": "managed",
      "type": "random_pet",
      "name": "rg_name",
      "provider": "provider[\"registry.terraform.io/hashicorp/random\"]",
      "instances": [
        {
          "schema_version": 0,
          "attributes": {
            "id": "rg-dear-duck",
            "keepers": null,
            "length": 2,
            "prefix": "rg",
            "separator": "-"
          },
          "sensitive_attributes": []
        }
      ]
    },
    {
      "mode": "managed",
      "type": "tls_private_key",
      "name": "example_ssh",
      "provider": "provider[\"registry.terraform.io/hashicorp/tls\"]",
      "instances": [
        {
          "schema_version": 1,
          "attributes": {
            "algorithm": "RSA",
            "ecdsa_curve": "P224",
            "id": "9a463acd79f33aa47aedeba92d53f2d884fbb272",
            "private_key_openssh": "-----BEGIN OPENSSH PRIVATE KEY-----\nb3BlbnNzaC1rZXktdjEAAAAABG5vbmUAAAAEbm9uZQAAAAAAAAABAAACFwAAAAdz\nc2gtcnNhAAAAAwEAAQAAAgEAokES4ri8kyim1AmkBZF8R3QMD8q/4AWd0++uuXWJ\navEcfQmErAeQw87M2qO0wwFzMx0F7d6jr8p/xHBuag7+vi+sLR0Bexgi1AXw+A9n\nD26D2W/ibrJLHC8uvgBtcL8tk5Ev84JUGEJcTWFZFTEoSe08ddTxrGM+gpDA0dcB\n2BljJV/jxq2pAZzEXgbSQEflA+eJ3G+evM7b0HGxokmASgcBhdMZtYRF0uqd7Mrh\nNZ8AEvPLrLj0N+M/oqcV2kljKP+GaGC/B5VLZpxBToRugKL5fQjSss/k+e3Rhm0u\njjGXgxi0WhUqn33gFlWBhOM0oIrzsZojacaz2npcBPcbLr/xP2o0FNBEWoKIIllf\n4MJhkj+xl+/fHnUqGuUbBZin4nQ9s9pxJVkySgRGUw1LXMdlXQAk+pSphFuL8Yv0\n06rowAypPO+X7syAJIuiB9L/tKh3E+CCvOGwM2A1tDG+LMLTmEfUVc9XusId3rPL\nVP10PNF5auxjCizgBfnUqRgpa5qFc0j0qM6gul7wwUL0Rijg/QnIrWHp8RtfMlFq\ns6bkd5FM/KVTH9sj9BSCFQv5wCjAeXl81EW6BvES6gPlW3YIcAkLPaZKXOb7ICNd\nWpZLHDH8+uLuciAeyvTh8qh8scV3TpAopn903InUVT/qZgkGqbYjwoLGf0xeZ8qr\nPjcAAAc4JDUseSQ1LHkAAAAHc3NoLXJzYQAAAgEAokES4ri8kyim1AmkBZF8R3QM\nD8q/4AWd0++uuXWJavEcfQmErAeQw87M2qO0wwFzMx0F7d6jr8p/xHBuag7+vi+s\nLR0Bexgi1AXw+A9nD26D2W/ibrJLHC8uvgBtcL8tk5Ev84JUGEJcTWFZFTEoSe08\nddTxrGM+gpDA0dcB2BljJV/jxq2pAZzEXgbSQEflA+eJ3G+evM7b0HGxokmASgcB\nhdMZtYRF0uqd7MrhNZ8AEvPLrLj0N+M/oqcV2kljKP+GaGC/B5VLZpxBToRugKL5\nfQjSss/k+e3Rhm0ujjGXgxi0WhUqn33gFlWBhOM0oIrzsZojacaz2npcBPcbLr/x\nP2o0FNBEWoKIIllf4MJhkj+xl+/fHnUqGuUbBZin4nQ9s9pxJVkySgRGUw1LXMdl\nXQAk+pSphFuL8Yv006rowAypPO+X7syAJIuiB9L/tKh3E+CCvOGwM2A1tDG+LMLT\nmEfUVc9XusId3rPLVP10PNF5auxjCizgBfnUqRgpa5qFc0j0qM6gul7wwUL0Rijg\n/QnIrWHp8RtfMlFqs6bkd5FM/KVTH9sj9BSCFQv5wCjAeXl81EW6BvES6gPlW3YI\ncAkLPaZKXOb7ICNdWpZLHDH8+uLuciAeyvTh8qh8scV3TpAopn903InUVT/qZgkG\nqbYjwoLGf0xeZ8qrPjcAAAADAQABAAACAEcmBeQJYhedodolCBmw/DBRAOED5TOV\nAupmldWZZtLQO8/Qlq7g+mgCjO3rD17bieqF9Y2jLV/uiixXqPM09Bvtx7BYocea\ng9s5Z7s+9dBcg9CbMU2dPTZ0sih7A4KHMrMc3UwIgFvK7bK411llnucb8oExCXCw\nbD7QvtzFTXe3WjSPYdBDYnLkjW81yoiJfjFCHL/e6lqc0uMKl/w0At9zRwWp1gI0\nqHGek/W72RmsSVoGMe/hgqXnLoZigkCgIa1er0+h7OKkYtXx+uk1RUd/L6vWbJ4g\nb6Xw1Qn/YoTT1j6UXLGLyo75oYPppsvg3bjwdYARuSmvCjrpoOREf1RD5U5Eo++z\nLCQIbkb1pu5mMU3yf1IlAKUUdvo8gMptZ57xjOBSOGrLQrMYBUEoWNdWKNPziIPF\n7Vv73hLTCncjp3KbdupyoU6ksr9lXiqHblHZUkmfPt6kXhMSPmqr5emcrrzz4Usy\nY2bxGjoX2Y6LzktEVrOifRxwa6MpdJD6yJp94zWuPeBQJSfdA4sPvnn/oODd4sa6\nSqMa/Uf+rYQbMQORfzqevh5DRpTeav70LYQnhtLGD19rj4PzfHzrPpZI0+KRlycg\nlg7o9hUynddrYpQrJuApfCpHkBQdGCYmNHdvgvdi2Omfz7YxnRqtj6ckDE6D8gVQ\njKnWNTEWjnaRAAABAQCUocQua1rCrTzXV+alNo8U5GSQ0X9ujVB+Sk+QOr4DV9yy\n1YJp8enNdnl7rMojA57EHoM1s1VVILaQH00WTpCe4LU0ldDrM2zPCh9Az11YtSti\nx+8iEYyHN0NyUAx5L/5UXJvhnrkkRTaFGJM9SmGRk8eN7cHQnJLw6pR0ZyRJD8z2\nC0Zv/7juhSxI+NcOYR/wWqnS9JxLM1tiLHUlRFHHVahF+XZ5df8TP5Vyz1SYyqmt\n6sY2D6XgPThJ/XYQApPI0JgUJtpriwKNKhmlui6M4urodIDyXAIIKaygWGTw4eCa\nk3jFXYt6zIKPp8DKYIB/iLpUgSs2xJz8YgJ7Z5v4AAABAQDGiG0IsRYw9u4vBrSK\n20ovO4vAVxfe4Fsjnl8ep9YkwtuVRLad81Bpv2UrVxr8sxxk6ljhi53vcE17qSMP\nG74AaW99IDFA0MJfr47z+ng4n2VbU8wU5tlpfCDSSvIS9lZUYpPVc0wX7DnztSPw\ncaQcswUfTJ9kuLdamMvWBmmaPOecthH6gcCyR/sOVTLaBv5P84L7kBVNJjwqjr8a\nuSFjRIM0zFufhP3GOyGIlnnazgI6tMw62Nw4V5J1BvF9dvkDxeOXuJPZqnyrU617\njXUx0VNGlG0+P2tiDDnfTQnZ5TVzj07vKQuxs9c4s2gWwbHFTSI9zpA7omXrg5eu\njAD7AAABAQDROFe3ohAbm2TEXjY9I6ZwX8Qm5yckqDqxzk5e9vaHRzVcVBof0Zys\nxH0Y/4cwl68oD1orEPMwEoS86ZIQMZf0TeiBoAwLCDoJWk1dYcIdh/BzkOULcJQb\nADb3u0m3TKAofgIySs/IAFzm/CW6/2m+amPWt1VhbN4PA0MlJO/7+gtjwbN/RN1n\nLd0jN6ka0zfLSl2dO/3RzJ7H3o05vpsTq/AiZZ5i2i+JyyhE1c4L8uM+0LPh2lAS\nz2evA8oiYVRb5jH1joTi+SOj4y8XK+XzoNwOdhT0H3dOpbH68bhqTJuNRBmWsrTB\nYLBbl8sE5nUgeLWFwuorwgAEqjd/xYr1AAAAAAEC\n-----END OPENSSH PRIVATE KEY-----\n",
            "private_key_pem": "-----BEGIN RSA PRIVATE KEY-----\nMIIJKQIBAAKCAgEAokES4ri8kyim1AmkBZF8R3QMD8q/4AWd0++uuXWJavEcfQmE\nrAeQw87M2qO0wwFzMx0F7d6jr8p/xHBuag7+vi+sLR0Bexgi1AXw+A9nD26D2W/i\nbrJLHC8uvgBtcL8tk5Ev84JUGEJcTWFZFTEoSe08ddTxrGM+gpDA0dcB2BljJV/j\nxq2pAZzEXgbSQEflA+eJ3G+evM7b0HGxokmASgcBhdMZtYRF0uqd7MrhNZ8AEvPL\nrLj0N+M/oqcV2kljKP+GaGC/B5VLZpxBToRugKL5fQjSss/k+e3Rhm0ujjGXgxi0\nWhUqn33gFlWBhOM0oIrzsZojacaz2npcBPcbLr/xP2o0FNBEWoKIIllf4MJhkj+x\nl+/fHnUqGuUbBZin4nQ9s9pxJVkySgRGUw1LXMdlXQAk+pSphFuL8Yv006rowAyp\nPO+X7syAJIuiB9L/tKh3E+CCvOGwM2A1tDG+LMLTmEfUVc9XusId3rPLVP10PNF5\nauxjCizgBfnUqRgpa5qFc0j0qM6gul7wwUL0Rijg/QnIrWHp8RtfMlFqs6bkd5FM\n/KVTH9sj9BSCFQv5wCjAeXl81EW6BvES6gPlW3YIcAkLPaZKXOb7ICNdWpZLHDH8\n+uLuciAeyvTh8qh8scV3TpAopn903InUVT/qZgkGqbYjwoLGf0xeZ8qrPjcCAwEA\nAQKCAgBHJgXkCWIXnaHaJQgZsPwwUQDhA+UzlQLqZpXVmWbS0DvP0Jau4PpoAozt\n6w9e24nqhfWNoy1f7oosV6jzNPQb7cewWKHHmoPbOWe7PvXQXIPQmzFNnT02dLIo\newOChzKzHN1MCIBbyu2yuNdZZZ7nG/KBMQlwsGw+0L7cxU13t1o0j2HQQ2Jy5I1v\nNcqIiX4xQhy/3upanNLjCpf8NALfc0cFqdYCNKhxnpP1u9kZrElaBjHv4YKl5y6G\nYoJAoCGtXq9PoezipGLV8frpNUVHfy+r1myeIG+l8NUJ/2KE09Y+lFyxi8qO+aGD\n6abL4N248HWAEbkprwo66aDkRH9UQ+VORKPvsywkCG5G9abuZjFN8n9SJQClFHb6\nPIDKbWee8YzgUjhqy0KzGAVBKFjXVijT84iDxe1b+94S0wp3I6dym3bqcqFOpLK/\nZV4qh25R2VJJnz7epF4TEj5qq+XpnK688+FLMmNm8Ro6F9mOi85LRFazon0ccGuj\nKXSQ+siafeM1rj3gUCUn3QOLD755/6Dg3eLGukqjGv1H/q2EGzEDkX86nr4eQ0aU\n3mr+9C2EJ4bSxg9fa4+D83x86z6WSNPikZcnIJYO6PYVMp3Xa2KUKybgKXwqR5AU\nHRgmJjR3b4L3Ytjpn8+2MZ0arY+nJAxOg/IFUIyp1jUxFo52kQKCAQEAxohtCLEW\nMPbuLwa0ittKLzuLwFcX3uBbI55fHqfWJMLblUS2nfNQab9lK1ca/LMcZOpY4Yud\n73BNe6kjDxu+AGlvfSAxQNDCX6+O8/p4OJ9lW1PMFObZaXwg0kryEvZWVGKT1XNM\nF+w587Uj8HGkHLMFH0yfZLi3WpjL1gZpmjznnLYR+oHAskf7DlUy2gb+T/OC+5AV\nTSY8Ko6/GrkhY0SDNMxbn4T9xjshiJZ52s4COrTMOtjcOFeSdQbxfXb5A8Xjl7iT\n2ap8q1Ote411MdFTRpRtPj9rYgw5300J2eU1c49O7ykLsbPXOLNoFsGxxU0iPc6Q\nO6Jl64OXrowA+wKCAQEA0ThXt6IQG5tkxF42PSOmcF/EJucnJKg6sc5OXvb2h0c1\nXFQaH9GcrMR9GP+HMJevKA9aKxDzMBKEvOmSEDGX9E3ogaAMCwg6CVpNXWHCHYfw\nc5DlC3CUGwA297tJt0ygKH4CMkrPyABc5vwluv9pvmpj1rdVYWzeDwNDJSTv+/oL\nY8Gzf0TdZy3dIzepGtM3y0pdnTv90cyex96NOb6bE6vwImWeYtovicsoRNXOC/Lj\nPtCz4dpQEs9nrwPKImFUW+Yx9Y6E4vkjo+MvFyvl86DcDnYU9B93TqWx+vG4akyb\njUQZlrK0wWCwW5fLBOZ1IHi1hcLqK8IABKo3f8WK9QKCAQBxv4ahHT02rrQHE5Nr\nn3rglwBaIkxV8Tumq72aBdWG2HIREv6Cfv7Kp9NiQpT+xex10WM9Ts4der2aJW0l\n4eI5wC8VhNVTaoiDZEXGefJZltHuwpNCQoW8j1cKxc/ul18dGCHVgSrO5hTKEjXW\nNHYvz04XAcKtZbv/112qcaAds9mMCzE/0wnB28X3D0+EZc9dpYqdcY8S1d5RD9pk\niD+d7YozPQcd3Ye9BPIQnQ6SE8hpNF9zM/7w9RO/o0vHc9v2knH04tcrNigZzWav\nTHwiH+nTnYT9zj5LPfAGhdAoHNBENo6mLmE53m1oWjpAF5gwECKXQPuYf1Jf3tSQ\nODzzAoIBAQDJrFr5mxGV2vuOQhZcZvH4HogQy/6yWiuB25E1/y7yhZSNNFCeXUp+\nS0UfBKmHEJ/5qJrNKqCQtTkYdLmkPHnyN+sokGMrezmebFpo6mPYXYJNk90FYvaQ\n9GsH75QGSamUfqqVWgHiE196FJI2KCABOcKVZdG6gNuocweVVX6zUHsMJNpmkrYs\n0Ev6t5udTP7aSgvlFb/8LRbdKMzPXclUdAec0IGVXiY22AswFzxvzih5E2piCjPn\nfd+/F5MQAuvzTfjYcBHuTCOrxcFNv7YAWw3kLrTSAUbbG+NtNvYCGWhUCtHzrr2I\nLjCxiadcSN2ceF7Z2mIp3e5wkLfAxWXFAoIBAQCUocQua1rCrTzXV+alNo8U5GSQ\n0X9ujVB+Sk+QOr4DV9yy1YJp8enNdnl7rMojA57EHoM1s1VVILaQH00WTpCe4LU0\nldDrM2zPCh9Az11YtStix+8iEYyHN0NyUAx5L/5UXJvhnrkkRTaFGJM9SmGRk8eN\n7cHQnJLw6pR0ZyRJD8z2C0Zv/7juhSxI+NcOYR/wWqnS9JxLM1tiLHUlRFHHVahF\n+XZ5df8TP5Vyz1SYyqmt6sY2D6XgPThJ/XYQApPI0JgUJtpriwKNKhmlui6M4uro\ndIDyXAIIKaygWGTw4eCak3jFXYt6zIKPp8DKYIB/iLpUgSs2xJz8YgJ7Z5v4\n-----END RSA PRIVATE KEY-----\n",
            "private_key_pem_pkcs8": "-----BEGIN PRIVATE KEY-----\nMIIJQwIBADANBgkqhkiG9w0BAQEFAASCCS0wggkpAgEAAoICAQCiQRLiuLyTKKbU\nCaQFkXxHdAwPyr/gBZ3T7665dYlq8Rx9CYSsB5DDzszao7TDAXMzHQXt3qOvyn/E\ncG5qDv6+L6wtHQF7GCLUBfD4D2cPboPZb+JuskscLy6+AG1wvy2TkS/zglQYQlxN\nYVkVMShJ7Tx11PGsYz6CkMDR1wHYGWMlX+PGrakBnMReBtJAR+UD54ncb568ztvQ\ncbGiSYBKBwGF0xm1hEXS6p3syuE1nwAS88usuPQ34z+ipxXaSWMo/4ZoYL8HlUtm\nnEFOhG6Aovl9CNKyz+T57dGGbS6OMZeDGLRaFSqffeAWVYGE4zSgivOxmiNpxrPa\nelwE9xsuv/E/ajQU0ERagogiWV/gwmGSP7GX798edSoa5RsFmKfidD2z2nElWTJK\nBEZTDUtcx2VdACT6lKmEW4vxi/TTqujADKk875fuzIAki6IH0v+0qHcT4IK84bAz\nYDW0Mb4swtOYR9RVz1e6wh3es8tU/XQ80Xlq7GMKLOAF+dSpGClrmoVzSPSozqC6\nXvDBQvRGKOD9CcitYenxG18yUWqzpuR3kUz8pVMf2yP0FIIVC/nAKMB5eXzURboG\n8RLqA+VbdghwCQs9pkpc5vsgI11alkscMfz64u5yIB7K9OHyqHyxxXdOkCimf3Tc\nidRVP+pmCQaptiPCgsZ/TF5nyqs+NwIDAQABAoICAEcmBeQJYhedodolCBmw/DBR\nAOED5TOVAupmldWZZtLQO8/Qlq7g+mgCjO3rD17bieqF9Y2jLV/uiixXqPM09Bvt\nx7BYoceag9s5Z7s+9dBcg9CbMU2dPTZ0sih7A4KHMrMc3UwIgFvK7bK411llnucb\n8oExCXCwbD7QvtzFTXe3WjSPYdBDYnLkjW81yoiJfjFCHL/e6lqc0uMKl/w0At9z\nRwWp1gI0qHGek/W72RmsSVoGMe/hgqXnLoZigkCgIa1er0+h7OKkYtXx+uk1RUd/\nL6vWbJ4gb6Xw1Qn/YoTT1j6UXLGLyo75oYPppsvg3bjwdYARuSmvCjrpoOREf1RD\n5U5Eo++zLCQIbkb1pu5mMU3yf1IlAKUUdvo8gMptZ57xjOBSOGrLQrMYBUEoWNdW\nKNPziIPF7Vv73hLTCncjp3KbdupyoU6ksr9lXiqHblHZUkmfPt6kXhMSPmqr5emc\nrrzz4UsyY2bxGjoX2Y6LzktEVrOifRxwa6MpdJD6yJp94zWuPeBQJSfdA4sPvnn/\noODd4sa6SqMa/Uf+rYQbMQORfzqevh5DRpTeav70LYQnhtLGD19rj4PzfHzrPpZI\n0+KRlycglg7o9hUynddrYpQrJuApfCpHkBQdGCYmNHdvgvdi2Omfz7YxnRqtj6ck\nDE6D8gVQjKnWNTEWjnaRAoIBAQDGiG0IsRYw9u4vBrSK20ovO4vAVxfe4Fsjnl8e\np9YkwtuVRLad81Bpv2UrVxr8sxxk6ljhi53vcE17qSMPG74AaW99IDFA0MJfr47z\n+ng4n2VbU8wU5tlpfCDSSvIS9lZUYpPVc0wX7DnztSPwcaQcswUfTJ9kuLdamMvW\nBmmaPOecthH6gcCyR/sOVTLaBv5P84L7kBVNJjwqjr8auSFjRIM0zFufhP3GOyGI\nlnnazgI6tMw62Nw4V5J1BvF9dvkDxeOXuJPZqnyrU617jXUx0VNGlG0+P2tiDDnf\nTQnZ5TVzj07vKQuxs9c4s2gWwbHFTSI9zpA7omXrg5eujAD7AoIBAQDROFe3ohAb\nm2TEXjY9I6ZwX8Qm5yckqDqxzk5e9vaHRzVcVBof0ZysxH0Y/4cwl68oD1orEPMw\nEoS86ZIQMZf0TeiBoAwLCDoJWk1dYcIdh/BzkOULcJQbADb3u0m3TKAofgIySs/I\nAFzm/CW6/2m+amPWt1VhbN4PA0MlJO/7+gtjwbN/RN1nLd0jN6ka0zfLSl2dO/3R\nzJ7H3o05vpsTq/AiZZ5i2i+JyyhE1c4L8uM+0LPh2lASz2evA8oiYVRb5jH1joTi\n+SOj4y8XK+XzoNwOdhT0H3dOpbH68bhqTJuNRBmWsrTBYLBbl8sE5nUgeLWFwuor\nwgAEqjd/xYr1AoIBAHG/hqEdPTautAcTk2ufeuCXAFoiTFXxO6arvZoF1YbYchES\n/oJ+/sqn02JClP7F7HXRYz1Ozh16vZolbSXh4jnALxWE1VNqiINkRcZ58lmW0e7C\nk0JChbyPVwrFz+6XXx0YIdWBKs7mFMoSNdY0di/PThcBwq1lu//XXapxoB2z2YwL\nMT/TCcHbxfcPT4Rlz12lip1xjxLV3lEP2mSIP53tijM9Bx3dh70E8hCdDpITyGk0\nX3Mz/vD1E7+jS8dz2/aScfTi1ys2KBnNZq9MfCIf6dOdhP3OPks98AaF0Cgc0EQ2\njqYuYTnebWhaOkAXmDAQIpdA+5h/Ul/e1JA4PPMCggEBAMmsWvmbEZXa+45CFlxm\n8fgeiBDL/rJaK4HbkTX/LvKFlI00UJ5dSn5LRR8EqYcQn/moms0qoJC1ORh0uaQ8\nefI36yiQYyt7OZ5sWmjqY9hdgk2T3QVi9pD0awfvlAZJqZR+qpVaAeITX3oUkjYo\nIAE5wpVl0bqA26hzB5VVfrNQewwk2maStizQS/q3m51M/tpKC+UVv/wtFt0ozM9d\nyVR0B5zQgZVeJjbYCzAXPG/OKHkTamIKM+d9378XkxAC6/NN+NhwEe5MI6vFwU2/\ntgBbDeQutNIBRtsb42029gIZaFQK0fOuvYguMLGJp1xI3Zx4XtnaYind7nCQt8DF\nZcUCggEBAJShxC5rWsKtPNdX5qU2jxTkZJDRf26NUH5KT5A6vgNX3LLVgmnx6c12\neXusyiMDnsQegzWzVVUgtpAfTRZOkJ7gtTSV0OszbM8KH0DPXVi1K2LH7yIRjIc3\nQ3JQDHkv/lRcm+GeuSRFNoUYkz1KYZGTx43twdCckvDqlHRnJEkPzPYLRm//uO6F\nLEj41w5hH/BaqdL0nEszW2IsdSVEUcdVqEX5dnl1/xM/lXLPVJjKqa3qxjYPpeA9\nOEn9dhACk8jQmBQm2muLAo0qGaW6Lozi6uh0gPJcAggprKBYZPDh4JqTeMVdi3rM\ngo+nwMpggH+IulSBKzbEnPxiAntnm/g=\n-----END PRIVATE KEY-----\n",
            "public_key_fingerprint_md5": "7e:1e:15:fa:52:b6:8f:84:a1:ec:c8:e1:91:bf:4f:ba",
            "public_key_fingerprint_sha256": "SHA256:TOSr8GRvWxH/qCb+jTjFRK/ehitvl3cBleEIb9kamLI",
            "public_key_openssh": "ssh-rsa AAAAB3NzaC1yc2EAAAADAQABAAACAQCiQRLiuLyTKKbUCaQFkXxHdAwPyr/gBZ3T7665dYlq8Rx9CYSsB5DDzszao7TDAXMzHQXt3qOvyn/EcG5qDv6+L6wtHQF7GCLUBfD4D2cPboPZb+JuskscLy6+AG1wvy2TkS/zglQYQlxNYVkVMShJ7Tx11PGsYz6CkMDR1wHYGWMlX+PGrakBnMReBtJAR+UD54ncb568ztvQcbGiSYBKBwGF0xm1hEXS6p3syuE1nwAS88usuPQ34z+ipxXaSWMo/4ZoYL8HlUtmnEFOhG6Aovl9CNKyz+T57dGGbS6OMZeDGLRaFSqffeAWVYGE4zSgivOxmiNpxrPaelwE9xsuv/E/ajQU0ERagogiWV/gwmGSP7GX798edSoa5RsFmKfidD2z2nElWTJKBEZTDUtcx2VdACT6lKmEW4vxi/TTqujADKk875fuzIAki6IH0v+0qHcT4IK84bAzYDW0Mb4swtOYR9RVz1e6wh3es8tU/XQ80Xlq7GMKLOAF+dSpGClrmoVzSPSozqC6XvDBQvRGKOD9CcitYenxG18yUWqzpuR3kUz8pVMf2yP0FIIVC/nAKMB5eXzURboG8RLqA+VbdghwCQs9pkpc5vsgI11alkscMfz64u5yIB7K9OHyqHyxxXdOkCimf3TcidRVP+pmCQaptiPCgsZ/TF5nyqs+Nw==\n",
            "public_key_pem": "-----BEGIN PUBLIC KEY-----\nMIICIjANBgkqhkiG9w0BAQEFAAOCAg8AMIICCgKCAgEAokES4ri8kyim1AmkBZF8\nR3QMD8q/4AWd0++uuXWJavEcfQmErAeQw87M2qO0wwFzMx0F7d6jr8p/xHBuag7+\nvi+sLR0Bexgi1AXw+A9nD26D2W/ibrJLHC8uvgBtcL8tk5Ev84JUGEJcTWFZFTEo\nSe08ddTxrGM+gpDA0dcB2BljJV/jxq2pAZzEXgbSQEflA+eJ3G+evM7b0HGxokmA\nSgcBhdMZtYRF0uqd7MrhNZ8AEvPLrLj0N+M/oqcV2kljKP+GaGC/B5VLZpxBToRu\ngKL5fQjSss/k+e3Rhm0ujjGXgxi0WhUqn33gFlWBhOM0oIrzsZojacaz2npcBPcb\nLr/xP2o0FNBEWoKIIllf4MJhkj+xl+/fHnUqGuUbBZin4nQ9s9pxJVkySgRGUw1L\nXMdlXQAk+pSphFuL8Yv006rowAypPO+X7syAJIuiB9L/tKh3E+CCvOGwM2A1tDG+\nLMLTmEfUVc9XusId3rPLVP10PNF5auxjCizgBfnUqRgpa5qFc0j0qM6gul7wwUL0\nRijg/QnIrWHp8RtfMlFqs6bkd5FM/KVTH9sj9BSCFQv5wCjAeXl81EW6BvES6gPl\nW3YIcAkLPaZKXOb7ICNdWpZLHDH8+uLuciAeyvTh8qh8scV3TpAopn903InUVT/q\nZgkGqbYjwoLGf0xeZ8qrPjcCAwEAAQ==\n-----END PUBLIC KEY-----\n",
            "rsa_bits": 4096
          },
          "sensitive_attributes": []
        }
      ]
    }
  ],
  "check_results": null
}
