{
  "version": 4,
  "terraform_version": "1.5.7",
  "serial": 53,
  "lineage": "d4300f3e-1eef-baa7-378a-a5042c0f9a8b",
  "outputs": {
    "public_ip_address": {
      "value": "20.115.17.151",
      "type": "string"
    },
    "resource_group_name": {
      "value": "rg-notable-kitten",
      "type": "string"
    },
    "tls_private_key": {
      "value": "-----BEGIN RSA PRIVATE KEY-----\nMIIJKgIBAAKCAgEAsyR+3PT6zKqTI9ThNvcXub3vdVFuqlDrHhWg9VlTmfoLCC5v\nsQBcpeAtWeBNe2YlRJ20W612U1aspW7zWkhJjHHsGvZ5LVcdxylmIz11VNhy/FVk\ndwPfLpgKfd+j8hiK9L8hJpYosJ+3ySy8HM8XK+70CnOswickLUU0whDNsddvBo5C\nPAa3kRwBLTTt05FgN/a+XDML998xeVm2eiD1WjBhncGhFhoP5vw4YgKpA5cZt1A9\ngjbsq1+0dmWdKEOfvvJtJN2S/ngGBE2D0aEMSogQCN2i1lJTrtZDWv6mLQYIUwDX\nvO8NwSz2VrPHZq2iNBUuGnAEKuVsn8Tjhd9+bs6UyYJq34fSpgehiYGY2lkXhBNL\n90sAuDaOUwq/B10+6YTz0yd9fAoqYiN8vlHzH/n+aiLF3vNGK2ERXjxESpdq/hLu\nmcy3ilZN/S+TC+ftKlggaK1p5p4v+ujy7EC+ptg5F4Hbfy5ovNujZd3TLctWH6NI\nPmCqVt0+QqVVxrhZMxOVRPkGi4poNYFPkQp7+JhbLP/lcOfVxWWL0hZzcQ/hbcHv\njyXH5LuHJ6uY71wJc1Tm4rsksGuBhv5n4iJNC3Nj82OROZD7GgrsuuQRhJCRhajD\nZlw6qaPDRrZ1snloLThnjxm4vfV1QNl3N1JRzkqOjzO4Br1bNIxZp/k8r3ECAwEA\nAQKCAgEAmqaaAqRW01M6XUeM+ceMquQGkjAvqkbbAwjHAKgR3S6YUYLNF2/pi6Wh\nYSKboTkIWVkP98kjCkUcHGFRIpKfM+ixXIGFERhQ87uQmkGXRhzp/160sW4dQPsu\nq4Xi4cBATZOmycn97KSlo73D09cP+PR7p34/GQlzWMWTCyo4eRwzk+RB19IwrMwR\nU/aKjgfFmeqgYbYL0fvTmSBSwNItHaQA0ZD0QMFVEyKQhkQnpprOL4vM3doOrM+d\nWkzUxIrEoLJmeNnz6UyyXQqSDunKU5lsxkqYJg/CgIAme6q0yM+ZZhanKErzg94N\n98GSFdk122Khf19Oqb2P7cmqZcsQOKO/fxXx2Ij3tqIQa9ZSaLNeINVL+g2JV3PA\n8F/NbviFG8AGJb+mMxJDwhfgT9b/UAZCaV2ctcedrvqyfQtud2lDZSCCh1qFjGSa\nqegrmKSlJmX1nroVX+OS+3nFz5YRVCkG5pLVbKyZTFb9tZfcZKwqn9etSejOYKnC\n93IHrs0tVgTVgKPIoZghQJfztCxlOYiwvWfcrlJFmW/Kre75Bdb35jzoVYP9hczT\nuERte0zYeYPpy7V2bPPS84krdlEJIcqFI6KicInuLntyc4WwuTLcdSJJn+cBnIac\nSOJa1rP5NHysNEnkgGa522eIY6PquoJaOQTAVlZFMBxpbfIpj3UCggEBAMabULQ1\ngNQ8hkC77luTJibAV/Y8uYZYRxKxtSAn0UDigvDWbH3pBU20v4CPaSxtfTQCPY/Z\n6JULmSOx7THEQaPiqyVKxi2BZNBj06+3wAKuDVLcgAh9/FTlyEELhQgUkSEhJs2Z\nIREYPgu4ljgZelMRo6ybRehulrXffgZOnR3HxlvKmEkw6jVKiw71oMJ/czzLpQmB\n9N82zumdFg+RR0WAEYvDtCfW3OHbrkOeSgD+4Pmptmpo3Km57PSG0Rzw5t1lkSul\nd1X0liqul20nxzce1XMyu8o729b824KK4uMPrFmCobhzteD0lIj3t7YRBUnMTazs\nLUtW16LbbahYiosCggEBAObpPycnJXMxWXSmNHRlNXnVTzg1kJerqeYZ1kBaz409\nrjlIyllv0ZQgS7rpR5fnZzqWXPZLkdyRf8gFE+u8+cyHkQgck4X1gWz/D1QmNJrv\nwvn2U+3BxEhc4pYEHIo6nFOcX8VwoICbX0S4amuatCaHshesq1bhN1UBKZVO4H9C\nnqhPWnOjx1iyGUyLkz3d/OPOTs6QvaTCQfTEWhNQM+9pmnzGGFsdvcFGNEC8j/FY\n6+/QaXsEdR6WpETFAF4NnHRC9f/pm9AzVy1T4DdXybjcEQqP+3B21L++lq7s5FyM\n/4VErUf2nq7HfqqbIXTwm7IZzN0S3ae82eXqgTsIuXMCggEAY61357oimmJ2Du9D\nRfqoXzKR8yevBVow8ZT3DthtEV+d0DoN4XOeEc3xfxh69K1O9VdahmQbcxKLHXsj\nTKLvPs14kBLjO9uBOYWgrMRQPggU781zBNAWYJWi1+JsNg38eOAmlXGRQv8jxMYz\nvpwq5J4pw2t6vpkiUs2Edq3l9Rha2Z7op3NBWNW8zRlCQdutfonGnur2d0EOv/jz\nJYUIfD02kSr7tDMGUOTspUtAYReK2kLvJqDSfuytnFw9f4T4mY1sOrelGSLUaz+N\nCF+6gFOdVV/VGD7Kqy/lC7OhA8zN9260s9p/IhQeqE+LiHkqakt7gJpYcUN4nmf6\ntU8a2QKCAQEAlsS+9mqJ+k/Dj/WhlEotA3KyugnHcjCky1gdW4GvuRIH+uE7NfBb\n0DLSH6WHmHiAH3HkGvC2uWTLISennSmTlOcDXF+EN1hYfHmBYblcabmY/irHHBuD\ndJgpXjgrBlpEjhcxNTJXqgFI0A71dXLao7nAH9MfQKfmv/r1UsbgsFcoTs8ZSR4r\n4A7Rk/giWKfkIj4nmJpLKROpiw7VnXylnHHAbC3P41Zk+phDL+2usrATxU64QJll\ne2ZytXBH0CFlAUhjZQf8M5ICHteAM8J/NNOD0Pi3/POp79SagHaumHt7r2FrHuy5\nKXeajfyieL9NeZl8+PADiC03vPZEEO6eXwKCAQEAo1JnL7g9mPPBG+VmVfg3prSI\nzMI4ciTs7ctBiDFhvDLwj0ZpafyCFSkSxLiq+UOTKP+whfYa2LsN5ijB01PDLCaz\n9ImjgT8hWBgLEy6PrlQAwTNZiYprxnI+tU3tE+5O3RM2qTGCLRoqqcLbBw4VPY3K\nWKBR8SJUGq0XcSKreIgBvJ5EGD9vi7CFnzrFxdZJxf5WTBWek8xqnBxrpQAn0DwN\n1eMPQ4Kcq8hihzK4E1dzwOQNYapRjGH9WVb9RksNFEwnMbKPSjHAHRR6bulm6plN\nR3gCxvJx4gq5EZkf4RlwRKKrdEC/agVvcgyAsHX9bsFIfN6NmkGcZz9yPsr7UQ==\n-----END RSA PRIVATE KEY-----\n",
      "type": "string",
      "sensitive": true
    }
  },
  "resources": [
    {
      "mode": "managed",
      "type": "azurerm_linux_virtual_machine",
      "name": "my_terraform_vm",
      "provider": "provider[\"registry.terraform.io/hashicorp/azurerm\"]",
      "instances": [
        {
          "schema_version": 0,
          "attributes": {
            "additional_capabilities": [],
            "admin_password": null,
            "admin_ssh_key": [
              {
                "public_key": "ssh-rsa AAAAB3NzaC1yc2EAAAADAQABAAACAQCzJH7c9PrMqpMj1OE29xe5ve91UW6qUOseFaD1WVOZ+gsILm+xAFyl4C1Z4E17ZiVEnbRbrXZTVqylbvNaSEmMcewa9nktVx3HKWYjPXVU2HL8VWR3A98umAp936PyGIr0vyEmliiwn7fJLLwczxcr7vQKc6zCJyQtRTTCEM2x128GjkI8BreRHAEtNO3TkWA39r5cMwv33zF5WbZ6IPVaMGGdwaEWGg/m/DhiAqkDlxm3UD2CNuyrX7R2ZZ0oQ5++8m0k3ZL+eAYETYPRoQxKiBAI3aLWUlOu1kNa/qYtBghTANe87w3BLPZWs8dmraI0FS4acAQq5WyfxOOF335uzpTJgmrfh9KmB6GJgZjaWReEE0v3SwC4No5TCr8HXT7phPPTJ318CipiI3y+UfMf+f5qIsXe80YrYRFePERKl2r+Eu6ZzLeKVk39L5ML5+0qWCBorWnmni/66PLsQL6m2DkXgdt/Lmi826Nl3dMty1Yfo0g+YKpW3T5CpVXGuFkzE5VE+QaLimg1gU+RCnv4mFss/+Vw59XFZYvSFnNxD+Ftwe+PJcfku4cnq5jvXAlzVObiuySwa4GG/mfiIk0Lc2PzY5E5kPsaCuy65BGEkJGFqMNmXDqpo8NGtnWyeWgtOGePGbi99XVA2Xc3UlHOSo6PM7gGvVs0jFmn+TyvcQ==\n",
                "username": "azureuser"
              }
            ],
            "admin_username": "azureuser",
            "allow_extension_operations": true,
            "availability_set_id": "",
            "boot_diagnostics": [
              {
                "storage_account_uri": "https://diage9d4f6e4694ef496.blob.core.windows.net/"
              }
            ],
            "capacity_reservation_group_id": "",
            "computer_name": "myvm",
            "custom_data": null,
            "dedicated_host_group_id": "",
            "dedicated_host_id": "",
            "disable_password_authentication": true,
            "edge_zone": "",
            "encryption_at_host_enabled": false,
            "eviction_policy": "",
            "extensions_time_budget": "PT1H30M",
            "gallery_application": [],
            "id": "/subscriptions/8c6d4aea-9de5-4190-a3ba-693684d46454/resourceGroups/rg-notable-kitten/providers/Microsoft.Compute/virtualMachines/myVM",
            "identity": [],
            "license_type": "",
            "location": "eastus",
            "max_bid_price": -1,
            "name": "myVM",
            "network_interface_ids": [
              "/subscriptions/8c6d4aea-9de5-4190-a3ba-693684d46454/resourceGroups/rg-notable-kitten/providers/Microsoft.Network/networkInterfaces/myNIC"
            ],
            "os_disk": [
              {
                "caching": "ReadWrite",
                "diff_disk_settings": [],
                "disk_encryption_set_id": "",
                "disk_size_gb": 30,
                "name": "myOsDisk",
                "secure_vm_disk_encryption_set_id": "",
                "security_encryption_type": "",
                "storage_account_type": "Premium_LRS",
                "write_accelerator_enabled": false
              }
            ],
            "patch_assessment_mode": "ImageDefault",
            "patch_mode": "ImageDefault",
            "plan": [],
            "platform_fault_domain": -1,
            "priority": "Regular",
            "private_ip_address": "10.0.1.4",
            "private_ip_addresses": [
              "10.0.1.4"
            ],
            "provision_vm_agent": true,
            "proximity_placement_group_id": "",
            "public_ip_address": "20.115.17.151",
            "public_ip_addresses": [
              "20.115.17.151"
            ],
            "resource_group_name": "rg-notable-kitten",
            "secret": [],
            "secure_boot_enabled": false,
            "size": "Standard_DS1_v2",
            "source_image_id": "",
            "source_image_reference": [
              {
                "offer": "0001-com-ubuntu-server-jammy",
                "publisher": "Canonical",
                "sku": "22_04-lts-gen2",
                "version": "latest"
              }
            ],
            "tags": null,
            "termination_notification": null,
            "timeouts": null,
            "user_data": "",
            "virtual_machine_id": "8c7e7bd8-2a29-4fa4-a923-111497d9cf52",
            "virtual_machine_scale_set_id": "",
            "vtpm_enabled": false,
            "zone": ""
          },
          "sensitive_attributes": [],
          "private": "eyJlMmJmYjczMC1lY2FhLTExZTYtOGY4OC0zNDM2M2JjN2M0YzAiOnsiY3JlYXRlIjoyNzAwMDAwMDAwMDAwLCJkZWxldGUiOjI3MDAwMDAwMDAwMDAsInJlYWQiOjMwMDAwMDAwMDAwMCwidXBkYXRlIjoyNzAwMDAwMDAwMDAwfX0=",
          "dependencies": [
            "azurerm_network_interface.my_terraform_nic",
            "azurerm_public_ip.my_terraform_public_ip",
            "azurerm_resource_group.rg",
            "azurerm_storage_account.my_storage_account",
            "azurerm_subnet.my_terraform_subnet",
            "azurerm_virtual_network.my_terraform_network",
            "random_id.random_id",
            "random_pet.rg_name",
            "tls_private_key.example_ssh"
          ]
        }
      ]
    },
    {
      "mode": "managed",
      "type": "azurerm_network_interface",
      "name": "my_terraform_nic",
      "provider": "provider[\"registry.terraform.io/hashicorp/azurerm\"]",
      "instances": [
        {
          "schema_version": 0,
          "attributes": {
            "applied_dns_servers": [],
            "dns_servers": [],
            "edge_zone": "",
            "enable_accelerated_networking": false,
            "enable_ip_forwarding": false,
            "id": "/subscriptions/8c6d4aea-9de5-4190-a3ba-693684d46454/resourceGroups/rg-notable-kitten/providers/Microsoft.Network/networkInterfaces/myNIC",
            "internal_dns_name_label": "",
            "internal_domain_name_suffix": "0vltiamv4fou1nfindbk2h5rcc.bx.internal.cloudapp.net",
            "ip_configuration": [
              {
                "gateway_load_balancer_frontend_ip_configuration_id": "",
                "name": "my_nic_configuration",
                "primary": true,
                "private_ip_address": "10.0.1.4",
                "private_ip_address_allocation": "Dynamic",
                "private_ip_address_version": "IPv4",
                "public_ip_address_id": "/subscriptions/8c6d4aea-9de5-4190-a3ba-693684d46454/resourceGroups/rg-notable-kitten/providers/Microsoft.Network/publicIPAddresses/myPublicIP",
                "subnet_id": "/subscriptions/8c6d4aea-9de5-4190-a3ba-693684d46454/resourceGroups/rg-notable-kitten/providers/Microsoft.Network/virtualNetworks/myVnet/subnets/mySubnet"
              }
            ],
            "location": "eastus",
            "mac_address": "",
            "name": "myNIC",
            "private_ip_address": "10.0.1.4",
            "private_ip_addresses": [
              "10.0.1.4"
            ],
            "resource_group_name": "rg-notable-kitten",
            "tags": null,
            "timeouts": null,
            "virtual_machine_id": ""
          },
          "sensitive_attributes": [],
          "private": "eyJlMmJmYjczMC1lY2FhLTExZTYtOGY4OC0zNDM2M2JjN2M0YzAiOnsiY3JlYXRlIjoxODAwMDAwMDAwMDAwLCJkZWxldGUiOjE4MDAwMDAwMDAwMDAsInJlYWQiOjMwMDAwMDAwMDAwMCwidXBkYXRlIjoxODAwMDAwMDAwMDAwfX0=",
          "dependencies": [
            "azurerm_public_ip.my_terraform_public_ip",
            "azurerm_resource_group.rg",
            "azurerm_subnet.my_terraform_subnet",
            "azurerm_virtual_network.my_terraform_network",
            "random_pet.rg_name"
          ]
        }
      ]
    },
    {
      "mode": "managed",
      "type": "azurerm_network_interface_security_group_association",
      "name": "example",
      "provider": "provider[\"registry.terraform.io/hashicorp/azurerm\"]",
      "instances": [
        {
          "schema_version": 0,
          "attributes": {
            "id": "/subscriptions/8c6d4aea-9de5-4190-a3ba-693684d46454/resourceGroups/rg-notable-kitten/providers/Microsoft.Network/networkInterfaces/myNIC|/subscriptions/8c6d4aea-9de5-4190-a3ba-693684d46454/resourceGroups/rg-notable-kitten/providers/Microsoft.Network/networkSecurityGroups/myNetworkSecurityGroup",
            "network_interface_id": "/subscriptions/8c6d4aea-9de5-4190-a3ba-693684d46454/resourceGroups/rg-notable-kitten/providers/Microsoft.Network/networkInterfaces/myNIC",
            "network_security_group_id": "/subscriptions/8c6d4aea-9de5-4190-a3ba-693684d46454/resourceGroups/rg-notable-kitten/providers/Microsoft.Network/networkSecurityGroups/myNetworkSecurityGroup",
            "timeouts": null
          },
          "sensitive_attributes": [],
          "private": "eyJlMmJmYjczMC1lY2FhLTExZTYtOGY4OC0zNDM2M2JjN2M0YzAiOnsiY3JlYXRlIjoxODAwMDAwMDAwMDAwLCJkZWxldGUiOjE4MDAwMDAwMDAwMDAsInJlYWQiOjMwMDAwMDAwMDAwMCwidXBkYXRlIjoxODAwMDAwMDAwMDAwfX0=",
          "dependencies": [
            "azurerm_network_interface.my_terraform_nic",
            "azurerm_network_security_group.my_terraform_nsg",
            "azurerm_public_ip.my_terraform_public_ip",
            "azurerm_resource_group.rg",
            "azurerm_subnet.my_terraform_subnet",
            "azurerm_virtual_network.my_terraform_network",
            "random_pet.rg_name"
          ]
        }
      ]
    },
    {
      "mode": "managed",
      "type": "azurerm_network_security_group",
      "name": "my_terraform_nsg",
      "provider": "provider[\"registry.terraform.io/hashicorp/azurerm\"]",
      "instances": [
        {
          "schema_version": 0,
          "attributes": {
            "id": "/subscriptions/8c6d4aea-9de5-4190-a3ba-693684d46454/resourceGroups/rg-notable-kitten/providers/Microsoft.Network/networkSecurityGroups/myNetworkSecurityGroup",
            "location": "eastus",
            "name": "myNetworkSecurityGroup",
            "resource_group_name": "rg-notable-kitten",
            "security_rule": [
              {
                "access": "Allow",
                "description": "",
                "destination_address_prefix": "*",
                "destination_address_prefixes": [],
                "destination_application_security_group_ids": [],
                "destination_port_range": "22",
                "destination_port_ranges": [],
                "direction": "Inbound",
                "name": "SSH",
                "priority": 102,
                "protocol": "Tcp",
                "source_address_prefix": "*",
                "source_address_prefixes": [],
                "source_application_security_group_ids": [],
                "source_port_range": "*",
                "source_port_ranges": []
              },
              {
                "access": "Allow",
                "description": "",
                "destination_address_prefix": "*",
                "destination_address_prefixes": [],
                "destination_application_security_group_ids": [],
                "destination_port_range": "443",
                "destination_port_ranges": [],
                "direction": "Inbound",
                "name": "HTTPS",
                "priority": 101,
                "protocol": "Tcp",
                "source_address_prefix": "*",
                "source_address_prefixes": [],
                "source_application_security_group_ids": [],
                "source_port_range": "*",
                "source_port_ranges": []
              },
              {
                "access": "Allow",
                "description": "",
                "destination_address_prefix": "*",
                "destination_address_prefixes": [],
                "destination_application_security_group_ids": [],
                "destination_port_range": "80",
                "destination_port_ranges": [],
                "direction": "Inbound",
                "name": "HTTP",
                "priority": 100,
                "protocol": "Tcp",
                "source_address_prefix": "*",
                "source_address_prefixes": [],
                "source_application_security_group_ids": [],
                "source_port_range": "*",
                "source_port_ranges": []
              },
              {
                "access": "Allow",
                "description": "",
                "destination_address_prefix": "*",
                "destination_address_prefixes": [],
                "destination_application_security_group_ids": [],
                "destination_port_range": "8080",
                "destination_port_ranges": [],
                "direction": "Inbound",
                "name": "docker",
                "priority": 103,
                "protocol": "Tcp",
                "source_address_prefix": "*",
                "source_address_prefixes": [],
                "source_application_security_group_ids": [],
                "source_port_range": "*",
                "source_port_ranges": []
              }
            ],
            "tags": null,
            "timeouts": null
          },
          "sensitive_attributes": [],
          "private": "eyJlMmJmYjczMC1lY2FhLTExZTYtOGY4OC0zNDM2M2JjN2M0YzAiOnsiY3JlYXRlIjoxODAwMDAwMDAwMDAwLCJkZWxldGUiOjE4MDAwMDAwMDAwMDAsInJlYWQiOjMwMDAwMDAwMDAwMCwidXBkYXRlIjoxODAwMDAwMDAwMDAwfX0=",
          "dependencies": [
            "azurerm_resource_group.rg",
            "random_pet.rg_name"
          ]
        }
      ]
    },
    {
      "mode": "managed",
      "type": "azurerm_public_ip",
      "name": "my_terraform_public_ip",
      "provider": "provider[\"registry.terraform.io/hashicorp/azurerm\"]",
      "instances": [
        {
          "schema_version": 0,
          "attributes": {
            "allocation_method": "Dynamic",
            "ddos_protection_mode": "VirtualNetworkInherited",
            "ddos_protection_plan_id": null,
            "domain_name_label": null,
            "edge_zone": "",
            "fqdn": null,
            "id": "/subscriptions/8c6d4aea-9de5-4190-a3ba-693684d46454/resourceGroups/rg-notable-kitten/providers/Microsoft.Network/publicIPAddresses/myPublicIP",
            "idle_timeout_in_minutes": 4,
            "ip_address": "",
            "ip_tags": null,
            "ip_version": "IPv4",
            "location": "eastus",
            "name": "myPublicIP",
            "public_ip_prefix_id": null,
            "resource_group_name": "rg-notable-kitten",
            "reverse_fqdn": null,
            "sku": "Basic",
            "sku_tier": "Regional",
            "tags": null,
            "timeouts": null,
            "zones": null
          },
          "sensitive_attributes": [],
          "private": "eyJlMmJmYjczMC1lY2FhLTExZTYtOGY4OC0zNDM2M2JjN2M0YzAiOnsiY3JlYXRlIjoxODAwMDAwMDAwMDAwLCJkZWxldGUiOjE4MDAwMDAwMDAwMDAsInJlYWQiOjMwMDAwMDAwMDAwMCwidXBkYXRlIjoxODAwMDAwMDAwMDAwfX0=",
          "dependencies": [
            "azurerm_resource_group.rg",
            "random_pet.rg_name"
          ]
        }
      ]
    },
    {
      "mode": "managed",
      "type": "azurerm_resource_group",
      "name": "rg",
      "provider": "provider[\"registry.terraform.io/hashicorp/azurerm\"]",
      "instances": [
        {
          "schema_version": 0,
          "attributes": {
            "id": "/subscriptions/8c6d4aea-9de5-4190-a3ba-693684d46454/resourceGroups/rg-notable-kitten",
            "location": "eastus",
            "name": "rg-notable-kitten",
            "tags": null,
            "timeouts": null
          },
          "sensitive_attributes": [],
          "private": "eyJlMmJmYjczMC1lY2FhLTExZTYtOGY4OC0zNDM2M2JjN2M0YzAiOnsiY3JlYXRlIjo1NDAwMDAwMDAwMDAwLCJkZWxldGUiOjU0MDAwMDAwMDAwMDAsInJlYWQiOjMwMDAwMDAwMDAwMCwidXBkYXRlIjo1NDAwMDAwMDAwMDAwfX0=",
          "dependencies": [
            "random_pet.rg_name"
          ]
        }
      ]
    },
    {
      "mode": "managed",
      "type": "azurerm_storage_account",
      "name": "my_storage_account",
      "provider": "provider[\"registry.terraform.io/hashicorp/azurerm\"]",
      "instances": [
        {
          "schema_version": 3,
          "attributes": {
            "access_tier": "Hot",
            "account_kind": "StorageV2",
            "account_replication_type": "LRS",
            "account_tier": "Standard",
            "allow_nested_items_to_be_public": true,
            "allowed_copy_scope": "",
            "azure_files_authentication": [],
            "blob_properties": [
              {
                "change_feed_enabled": false,
                "change_feed_retention_in_days": 0,
                "container_delete_retention_policy": [],
                "cors_rule": [],
                "default_service_version": "",
                "delete_retention_policy": [],
                "last_access_time_enabled": false,
                "restore_policy": [],
                "versioning_enabled": false
              }
            ],
            "cross_tenant_replication_enabled": true,
            "custom_domain": [],
            "customer_managed_key": [],
            "default_to_oauth_authentication": false,
            "edge_zone": "",
            "enable_https_traffic_only": true,
            "id": "/subscriptions/8c6d4aea-9de5-4190-a3ba-693684d46454/resourceGroups/rg-notable-kitten/providers/Microsoft.Storage/storageAccounts/diage9d4f6e4694ef496",
            "identity": [],
            "immutability_policy": [],
            "infrastructure_encryption_enabled": false,
            "is_hns_enabled": false,
            "large_file_share_enabled": null,
            "location": "eastus",
            "min_tls_version": "TLS1_2",
            "name": "diage9d4f6e4694ef496",
            "network_rules": [
              {
                "bypass": [
                  "AzureServices"
                ],
                "default_action": "Allow",
                "ip_rules": [],
                "private_link_access": [],
                "virtual_network_subnet_ids": []
              }
            ],
            "nfsv3_enabled": false,
            "primary_access_key": "qwtXgI9yl9JRyJfddydFA/1Quf24eIQ1NaBIzVuKQW0NHagK3l1nEtmDTXiUR9Asxl6PqJASP8c3+ASthZ2uhA==",
            "primary_blob_connection_string": "DefaultEndpointsProtocol=https;BlobEndpoint=https://diage9d4f6e4694ef496.blob.core.windows.net/;AccountName=diage9d4f6e4694ef496;AccountKey=qwtXgI9yl9JRyJfddydFA/1Quf24eIQ1NaBIzVuKQW0NHagK3l1nEtmDTXiUR9Asxl6PqJASP8c3+ASthZ2uhA==",
            "primary_blob_endpoint": "https://diage9d4f6e4694ef496.blob.core.windows.net/",
            "primary_blob_host": "diage9d4f6e4694ef496.blob.core.windows.net",
            "primary_connection_string": "DefaultEndpointsProtocol=https;AccountName=diage9d4f6e4694ef496;AccountKey=qwtXgI9yl9JRyJfddydFA/1Quf24eIQ1NaBIzVuKQW0NHagK3l1nEtmDTXiUR9Asxl6PqJASP8c3+ASthZ2uhA==;EndpointSuffix=core.windows.net",
            "primary_dfs_endpoint": "https://diage9d4f6e4694ef496.dfs.core.windows.net/",
            "primary_dfs_host": "diage9d4f6e4694ef496.dfs.core.windows.net",
            "primary_file_endpoint": "https://diage9d4f6e4694ef496.file.core.windows.net/",
            "primary_file_host": "diage9d4f6e4694ef496.file.core.windows.net",
            "primary_location": "eastus",
            "primary_queue_endpoint": "https://diage9d4f6e4694ef496.queue.core.windows.net/",
            "primary_queue_host": "diage9d4f6e4694ef496.queue.core.windows.net",
            "primary_table_endpoint": "https://diage9d4f6e4694ef496.table.core.windows.net/",
            "primary_table_host": "diage9d4f6e4694ef496.table.core.windows.net",
            "primary_web_endpoint": "https://diage9d4f6e4694ef496.z13.web.core.windows.net/",
            "primary_web_host": "diage9d4f6e4694ef496.z13.web.core.windows.net",
            "public_network_access_enabled": true,
            "queue_encryption_key_type": "Service",
            "queue_properties": [
              {
                "cors_rule": [],
                "hour_metrics": [
                  {
                    "enabled": true,
                    "include_apis": true,
                    "retention_policy_days": 7,
                    "version": "1.0"
                  }
                ],
                "logging": [
                  {
                    "delete": false,
                    "read": false,
                    "retention_policy_days": 0,
                    "version": "1.0",
                    "write": false
                  }
                ],
                "minute_metrics": [
                  {
                    "enabled": false,
                    "include_apis": false,
                    "retention_policy_days": 0,
                    "version": "1.0"
                  }
                ]
              }
            ],
            "resource_group_name": "rg-notable-kitten",
            "routing": [],
            "sas_policy": [],
            "secondary_access_key": "0/rfJ/4RNwuYL6Pr8rBC/CcQnPYOQwioqDBSserEZz8u8ic65Wfkb004MudM13twb6CazcsWqjmv+AStbecGaQ==",
            "secondary_blob_connection_string": "",
            "secondary_blob_endpoint": null,
            "secondary_blob_host": null,
            "secondary_connection_string": "DefaultEndpointsProtocol=https;AccountName=diage9d4f6e4694ef496;AccountKey=0/rfJ/4RNwuYL6Pr8rBC/CcQnPYOQwioqDBSserEZz8u8ic65Wfkb004MudM13twb6CazcsWqjmv+AStbecGaQ==;EndpointSuffix=core.windows.net",
            "secondary_dfs_endpoint": null,
            "secondary_dfs_host": null,
            "secondary_file_endpoint": null,
            "secondary_file_host": null,
            "secondary_location": "",
            "secondary_queue_endpoint": null,
            "secondary_queue_host": null,
            "secondary_table_endpoint": null,
            "secondary_table_host": null,
            "secondary_web_endpoint": null,
            "secondary_web_host": null,
            "sftp_enabled": false,
            "share_properties": [
              {
                "cors_rule": [],
                "retention_policy": [
                  {
                    "days": 7
                  }
                ],
                "smb": []
              }
            ],
            "shared_access_key_enabled": true,
            "static_website": [],
            "table_encryption_key_type": "Service",
            "tags": null,
            "timeouts": null
          },
          "sensitive_attributes": [],
          "private": "eyJlMmJmYjczMC1lY2FhLTExZTYtOGY4OC0zNDM2M2JjN2M0YzAiOnsiY3JlYXRlIjozNjAwMDAwMDAwMDAwLCJkZWxldGUiOjM2MDAwMDAwMDAwMDAsInJlYWQiOjMwMDAwMDAwMDAwMCwidXBkYXRlIjozNjAwMDAwMDAwMDAwfSwic2NoZW1hX3ZlcnNpb24iOiIzIn0=",
          "dependencies": [
            "azurerm_resource_group.rg",
            "random_id.random_id",
            "random_pet.rg_name"
          ]
        }
      ]
    },
    {
      "mode": "managed",
      "type": "azurerm_subnet",
      "name": "my_terraform_subnet",
      "provider": "provider[\"registry.terraform.io/hashicorp/azurerm\"]",
      "instances": [
        {
          "schema_version": 0,
          "attributes": {
            "address_prefixes": [
              "10.0.1.0/24"
            ],
            "delegation": [],
            "enforce_private_link_endpoint_network_policies": false,
            "enforce_private_link_service_network_policies": false,
            "id": "/subscriptions/8c6d4aea-9de5-4190-a3ba-693684d46454/resourceGroups/rg-notable-kitten/providers/Microsoft.Network/virtualNetworks/myVnet/subnets/mySubnet",
            "name": "mySubnet",
            "private_endpoint_network_policies_enabled": true,
            "private_link_service_network_policies_enabled": true,
            "resource_group_name": "rg-notable-kitten",
            "service_endpoint_policy_ids": null,
            "service_endpoints": null,
            "timeouts": null,
            "virtual_network_name": "myVnet"
          },
          "sensitive_attributes": [],
          "private": "eyJlMmJmYjczMC1lY2FhLTExZTYtOGY4OC0zNDM2M2JjN2M0YzAiOnsiY3JlYXRlIjoxODAwMDAwMDAwMDAwLCJkZWxldGUiOjE4MDAwMDAwMDAwMDAsInJlYWQiOjMwMDAwMDAwMDAwMCwidXBkYXRlIjoxODAwMDAwMDAwMDAwfX0=",
          "dependencies": [
            "azurerm_resource_group.rg",
            "azurerm_virtual_network.my_terraform_network",
            "random_pet.rg_name"
          ]
        }
      ]
    },
    {
      "mode": "managed",
      "type": "azurerm_virtual_machine_extension",
      "name": "example",
      "provider": "provider[\"registry.terraform.io/hashicorp/azurerm\"]",
      "instances": [
        {
          "schema_version": 0,
          "attributes": {
            "auto_upgrade_minor_version": false,
            "automatic_upgrade_enabled": false,
            "failure_suppression_enabled": false,
            "id": "/subscriptions/8c6d4aea-9de5-4190-a3ba-693684d46454/resourceGroups/rg-notable-kitten/providers/Microsoft.Compute/virtualMachines/myVM/extensions/hostname",
            "name": "hostname",
            "protected_settings": "    {\n        \"script\": \"IyEvYmluL2Jhc2gKc3VkbyBhcHQgdXBkYXRlCnN1ZG8gYXB0LWdldCBpbnN0YWxsIC15IGRvY2tlci5pbwpzdWRvIGFwdC1nZXQgaW5zdGFsbCAteSBkb2NrZXItY29tcG9zZSAKY2QgL2hvbWUvdWJ1bnR1Cm1rZGlyIGFwcAplY2hvICJ2ZXJzaW9uOiAnMy4zJwpzZXJ2aWNlczoKICBweXRob24tYXBpOgogICAgaW1hZ2U6IGNhdGFsdW5pYXQxL2RqYW5nbzE6bGF0ZXN0CiAgICBwb3J0czoKICAgICAgLSAiODA6ODAiCiAgICByZXN0YXJ0OiBhbHdheXMKIiA+PiAuL2FwcC9kb2NrZXItY29tcG9zZS55bWwgCnN1ZG8gZG9ja2VyLWNvbXBvc2UgLWYgLi9hcHAvZG9ja2VyLWNvbXBvc2UueW1sIHVwIC1kIA==\"\n    }\n",
            "protected_settings_from_key_vault": [],
            "publisher": "Microsoft.Azure.Extensions",
            "settings": null,
            "tags": null,
            "timeouts": null,
            "type": "CustomScript",
            "type_handler_version": "2.0",
            "virtual_machine_id": "/subscriptions/8c6d4aea-9de5-4190-a3ba-693684d46454/resourceGroups/rg-notable-kitten/providers/Microsoft.Compute/virtualMachines/myVM"
          },
          "sensitive_attributes": [],
          "private": "eyJlMmJmYjczMC1lY2FhLTExZTYtOGY4OC0zNDM2M2JjN2M0YzAiOnsiY3JlYXRlIjoxODAwMDAwMDAwMDAwLCJkZWxldGUiOjE4MDAwMDAwMDAwMDAsInJlYWQiOjMwMDAwMDAwMDAwMCwidXBkYXRlIjoxODAwMDAwMDAwMDAwfX0=",
          "dependencies": [
            "azurerm_linux_virtual_machine.my_terraform_vm",
            "azurerm_network_interface.my_terraform_nic",
            "azurerm_public_ip.my_terraform_public_ip",
            "azurerm_resource_group.rg",
            "azurerm_storage_account.my_storage_account",
            "azurerm_subnet.my_terraform_subnet",
            "azurerm_virtual_network.my_terraform_network",
            "random_id.random_id",
            "random_pet.rg_name",
            "tls_private_key.example_ssh"
          ]
        }
      ]
    },
    {
      "mode": "managed",
      "type": "azurerm_virtual_network",
      "name": "my_terraform_network",
      "provider": "provider[\"registry.terraform.io/hashicorp/azurerm\"]",
      "instances": [
        {
          "schema_version": 0,
          "attributes": {
            "address_space": [
              "10.0.0.0/16"
            ],
            "bgp_community": "",
            "ddos_protection_plan": [],
            "dns_servers": [],
            "edge_zone": "",
            "flow_timeout_in_minutes": 0,
            "guid": "013457d5-f195-4d5d-b4a8-68c2ae1ff112",
            "id": "/subscriptions/8c6d4aea-9de5-4190-a3ba-693684d46454/resourceGroups/rg-notable-kitten/providers/Microsoft.Network/virtualNetworks/myVnet",
            "location": "eastus",
            "name": "myVnet",
            "resource_group_name": "rg-notable-kitten",
            "subnet": [],
            "tags": null,
            "timeouts": null
          },
          "sensitive_attributes": [],
          "private": "eyJlMmJmYjczMC1lY2FhLTExZTYtOGY4OC0zNDM2M2JjN2M0YzAiOnsiY3JlYXRlIjoxODAwMDAwMDAwMDAwLCJkZWxldGUiOjE4MDAwMDAwMDAwMDAsInJlYWQiOjMwMDAwMDAwMDAwMCwidXBkYXRlIjoxODAwMDAwMDAwMDAwfX0=",
          "dependencies": [
            "azurerm_resource_group.rg",
            "random_pet.rg_name"
          ]
        }
      ]
    },
    {
      "mode": "managed",
      "type": "random_id",
      "name": "random_id",
      "provider": "provider[\"registry.terraform.io/hashicorp/random\"]",
      "instances": [
        {
          "schema_version": 0,
          "attributes": {
            "b64_std": "6dT25GlO9JY=",
            "b64_url": "6dT25GlO9JY",
            "byte_length": 8,
            "dec": "16849363566779626646",
            "hex": "e9d4f6e4694ef496",
            "id": "6dT25GlO9JY",
            "keepers": {
              "resource_group": "rg-notable-kitten"
            },
            "prefix": null
          },
          "sensitive_attributes": [],
          "dependencies": [
            "azurerm_resource_group.rg",
            "random_pet.rg_name"
          ]
        }
      ]
    },
    {
      "mode": "managed",
      "type": "random_pet",
      "name": "rg_name",
      "provider": "provider[\"registry.terraform.io/hashicorp/random\"]",
      "instances": [
        {
          "schema_version": 0,
          "attributes": {
            "id": "rg-notable-kitten",
            "keepers": null,
            "length": 2,
            "prefix": "rg",
            "separator": "-"
          },
          "sensitive_attributes": []
        }
      ]
    },
    {
      "mode": "managed",
      "type": "tls_private_key",
      "name": "example_ssh",
      "provider": "provider[\"registry.terraform.io/hashicorp/tls\"]",
      "instances": [
        {
          "schema_version": 1,
          "attributes": {
            "algorithm": "RSA",
            "ecdsa_curve": "P224",
            "id": "6b1d43ad21e998cd4cc444c3a7be84d0de062dd5",
            "private_key_openssh": "-----BEGIN OPENSSH PRIVATE KEY-----\nb3BlbnNzaC1rZXktdjEAAAAABG5vbmUAAAAEbm9uZQAAAAAAAAABAAACFwAAAAdz\nc2gtcnNhAAAAAwEAAQAAAgEAsyR+3PT6zKqTI9ThNvcXub3vdVFuqlDrHhWg9VlT\nmfoLCC5vsQBcpeAtWeBNe2YlRJ20W612U1aspW7zWkhJjHHsGvZ5LVcdxylmIz11\nVNhy/FVkdwPfLpgKfd+j8hiK9L8hJpYosJ+3ySy8HM8XK+70CnOswickLUU0whDN\nsddvBo5CPAa3kRwBLTTt05FgN/a+XDML998xeVm2eiD1WjBhncGhFhoP5vw4YgKp\nA5cZt1A9gjbsq1+0dmWdKEOfvvJtJN2S/ngGBE2D0aEMSogQCN2i1lJTrtZDWv6m\nLQYIUwDXvO8NwSz2VrPHZq2iNBUuGnAEKuVsn8Tjhd9+bs6UyYJq34fSpgehiYGY\n2lkXhBNL90sAuDaOUwq/B10+6YTz0yd9fAoqYiN8vlHzH/n+aiLF3vNGK2ERXjxE\nSpdq/hLumcy3ilZN/S+TC+ftKlggaK1p5p4v+ujy7EC+ptg5F4Hbfy5ovNujZd3T\nLctWH6NIPmCqVt0+QqVVxrhZMxOVRPkGi4poNYFPkQp7+JhbLP/lcOfVxWWL0hZz\ncQ/hbcHvjyXH5LuHJ6uY71wJc1Tm4rsksGuBhv5n4iJNC3Nj82OROZD7GgrsuuQR\nhJCRhajDZlw6qaPDRrZ1snloLThnjxm4vfV1QNl3N1JRzkqOjzO4Br1bNIxZp/k8\nr3EAAAc4wuSdHcLknR0AAAAHc3NoLXJzYQAAAgEAsyR+3PT6zKqTI9ThNvcXub3v\ndVFuqlDrHhWg9VlTmfoLCC5vsQBcpeAtWeBNe2YlRJ20W612U1aspW7zWkhJjHHs\nGvZ5LVcdxylmIz11VNhy/FVkdwPfLpgKfd+j8hiK9L8hJpYosJ+3ySy8HM8XK+70\nCnOswickLUU0whDNsddvBo5CPAa3kRwBLTTt05FgN/a+XDML998xeVm2eiD1WjBh\nncGhFhoP5vw4YgKpA5cZt1A9gjbsq1+0dmWdKEOfvvJtJN2S/ngGBE2D0aEMSogQ\nCN2i1lJTrtZDWv6mLQYIUwDXvO8NwSz2VrPHZq2iNBUuGnAEKuVsn8Tjhd9+bs6U\nyYJq34fSpgehiYGY2lkXhBNL90sAuDaOUwq/B10+6YTz0yd9fAoqYiN8vlHzH/n+\naiLF3vNGK2ERXjxESpdq/hLumcy3ilZN/S+TC+ftKlggaK1p5p4v+ujy7EC+ptg5\nF4Hbfy5ovNujZd3TLctWH6NIPmCqVt0+QqVVxrhZMxOVRPkGi4poNYFPkQp7+Jhb\nLP/lcOfVxWWL0hZzcQ/hbcHvjyXH5LuHJ6uY71wJc1Tm4rsksGuBhv5n4iJNC3Nj\n82OROZD7GgrsuuQRhJCRhajDZlw6qaPDRrZ1snloLThnjxm4vfV1QNl3N1JRzkqO\njzO4Br1bNIxZp/k8r3EAAAADAQABAAACAQCappoCpFbTUzpdR4z5x4yq5AaSMC+q\nRtsDCMcAqBHdLphRgs0Xb+mLpaFhIpuhOQhZWQ/3ySMKRRwcYVEikp8z6LFcgYUR\nGFDzu5CaQZdGHOn/XrSxbh1A+y6rheLhwEBNk6bJyf3spKWjvcPT1w/49Hunfj8Z\nCXNYxZMLKjh5HDOT5EHX0jCszBFT9oqOB8WZ6qBhtgvR+9OZIFLA0i0dpADRkPRA\nwVUTIpCGRCemms4vi8zd2g6sz51aTNTEisSgsmZ42fPpTLJdCpIO6cpTmWzGSpgm\nD8KAgCZ7qrTIz5lmFqcoSvOD3g33wZIV2TXbYqF/X06pvY/tyaplyxA4o79/FfHY\niPe2ohBr1lJos14g1Uv6DYlXc8DwX81u+IUbwAYlv6YzEkPCF+BP1v9QBkJpXZy1\nx52u+rJ9C253aUNlIIKHWoWMZJqp6CuYpKUmZfWeuhVf45L7ecXPlhFUKQbmktVs\nrJlMVv21l9xkrCqf161J6M5gqcL3cgeuzS1WBNWAo8ihmCFAl/O0LGU5iLC9Z9yu\nUkWZb8qt7vkF1vfmPOhVg/2FzNO4RG17TNh5g+nLtXZs89LziSt2UQkhyoUjoqJw\nie4ue3JzhbC5Mtx1Ikmf5wGchpxI4lrWs/k0fKw0SeSAZrnbZ4hjo+q6glo5BMBW\nVkUwHGlt8imPdQAAAQEAo1JnL7g9mPPBG+VmVfg3prSIzMI4ciTs7ctBiDFhvDLw\nj0ZpafyCFSkSxLiq+UOTKP+whfYa2LsN5ijB01PDLCaz9ImjgT8hWBgLEy6PrlQA\nwTNZiYprxnI+tU3tE+5O3RM2qTGCLRoqqcLbBw4VPY3KWKBR8SJUGq0XcSKreIgB\nvJ5EGD9vi7CFnzrFxdZJxf5WTBWek8xqnBxrpQAn0DwN1eMPQ4Kcq8hihzK4E1dz\nwOQNYapRjGH9WVb9RksNFEwnMbKPSjHAHRR6bulm6plNR3gCxvJx4gq5EZkf4Rlw\nRKKrdEC/agVvcgyAsHX9bsFIfN6NmkGcZz9yPsr7UQAAAQEAxptQtDWA1DyGQLvu\nW5MmJsBX9jy5hlhHErG1ICfRQOKC8NZsfekFTbS/gI9pLG19NAI9j9nolQuZI7Ht\nMcRBo+KrJUrGLYFk0GPTr7fAAq4NUtyACH38VOXIQQuFCBSRISEmzZkhERg+C7iW\nOBl6UxGjrJtF6G6Wtd9+Bk6dHcfGW8qYSTDqNUqLDvWgwn9zPMulCYH03zbO6Z0W\nD5FHRYARi8O0J9bc4duuQ55KAP7g+am2amjcqbns9IbRHPDm3WWRK6V3VfSWKq6X\nbSfHNx7VczK7yjvb1vzbgori4w+sWYKhuHO14PSUiPe3thEFScxNrOwtS1bXottt\nqFiKiwAAAQEA5uk/JyclczFZdKY0dGU1edVPODWQl6up5hnWQFrPjT2uOUjKWW/R\nlCBLuulHl+dnOpZc9kuR3JF/yAUT67z5zIeRCByThfWBbP8PVCY0mu/C+fZT7cHE\nSFzilgQcijqcU5xfxXCggJtfRLhqa5q0JoeyF6yrVuE3VQEplU7gf0KeqE9ac6PH\nWLIZTIuTPd38485OzpC9pMJB9MRaE1Az72mafMYYWx29wUY0QLyP8Vjr79BpewR1\nHpakRMUAXg2cdEL1/+mb0DNXLVPgN1fJuNwRCo/7cHbUv76WruzkXIz/hUStR/ae\nrsd+qpshdPCbshnM3RLdp7zZ5eqBOwi5cwAAAAAB\n-----END OPENSSH PRIVATE KEY-----\n",
            "private_key_pem": "-----BEGIN RSA PRIVATE KEY-----\nMIIJKgIBAAKCAgEAsyR+3PT6zKqTI9ThNvcXub3vdVFuqlDrHhWg9VlTmfoLCC5v\nsQBcpeAtWeBNe2YlRJ20W612U1aspW7zWkhJjHHsGvZ5LVcdxylmIz11VNhy/FVk\ndwPfLpgKfd+j8hiK9L8hJpYosJ+3ySy8HM8XK+70CnOswickLUU0whDNsddvBo5C\nPAa3kRwBLTTt05FgN/a+XDML998xeVm2eiD1WjBhncGhFhoP5vw4YgKpA5cZt1A9\ngjbsq1+0dmWdKEOfvvJtJN2S/ngGBE2D0aEMSogQCN2i1lJTrtZDWv6mLQYIUwDX\nvO8NwSz2VrPHZq2iNBUuGnAEKuVsn8Tjhd9+bs6UyYJq34fSpgehiYGY2lkXhBNL\n90sAuDaOUwq/B10+6YTz0yd9fAoqYiN8vlHzH/n+aiLF3vNGK2ERXjxESpdq/hLu\nmcy3ilZN/S+TC+ftKlggaK1p5p4v+ujy7EC+ptg5F4Hbfy5ovNujZd3TLctWH6NI\nPmCqVt0+QqVVxrhZMxOVRPkGi4poNYFPkQp7+JhbLP/lcOfVxWWL0hZzcQ/hbcHv\njyXH5LuHJ6uY71wJc1Tm4rsksGuBhv5n4iJNC3Nj82OROZD7GgrsuuQRhJCRhajD\nZlw6qaPDRrZ1snloLThnjxm4vfV1QNl3N1JRzkqOjzO4Br1bNIxZp/k8r3ECAwEA\nAQKCAgEAmqaaAqRW01M6XUeM+ceMquQGkjAvqkbbAwjHAKgR3S6YUYLNF2/pi6Wh\nYSKboTkIWVkP98kjCkUcHGFRIpKfM+ixXIGFERhQ87uQmkGXRhzp/160sW4dQPsu\nq4Xi4cBATZOmycn97KSlo73D09cP+PR7p34/GQlzWMWTCyo4eRwzk+RB19IwrMwR\nU/aKjgfFmeqgYbYL0fvTmSBSwNItHaQA0ZD0QMFVEyKQhkQnpprOL4vM3doOrM+d\nWkzUxIrEoLJmeNnz6UyyXQqSDunKU5lsxkqYJg/CgIAme6q0yM+ZZhanKErzg94N\n98GSFdk122Khf19Oqb2P7cmqZcsQOKO/fxXx2Ij3tqIQa9ZSaLNeINVL+g2JV3PA\n8F/NbviFG8AGJb+mMxJDwhfgT9b/UAZCaV2ctcedrvqyfQtud2lDZSCCh1qFjGSa\nqegrmKSlJmX1nroVX+OS+3nFz5YRVCkG5pLVbKyZTFb9tZfcZKwqn9etSejOYKnC\n93IHrs0tVgTVgKPIoZghQJfztCxlOYiwvWfcrlJFmW/Kre75Bdb35jzoVYP9hczT\nuERte0zYeYPpy7V2bPPS84krdlEJIcqFI6KicInuLntyc4WwuTLcdSJJn+cBnIac\nSOJa1rP5NHysNEnkgGa522eIY6PquoJaOQTAVlZFMBxpbfIpj3UCggEBAMabULQ1\ngNQ8hkC77luTJibAV/Y8uYZYRxKxtSAn0UDigvDWbH3pBU20v4CPaSxtfTQCPY/Z\n6JULmSOx7THEQaPiqyVKxi2BZNBj06+3wAKuDVLcgAh9/FTlyEELhQgUkSEhJs2Z\nIREYPgu4ljgZelMRo6ybRehulrXffgZOnR3HxlvKmEkw6jVKiw71oMJ/czzLpQmB\n9N82zumdFg+RR0WAEYvDtCfW3OHbrkOeSgD+4Pmptmpo3Km57PSG0Rzw5t1lkSul\nd1X0liqul20nxzce1XMyu8o729b824KK4uMPrFmCobhzteD0lIj3t7YRBUnMTazs\nLUtW16LbbahYiosCggEBAObpPycnJXMxWXSmNHRlNXnVTzg1kJerqeYZ1kBaz409\nrjlIyllv0ZQgS7rpR5fnZzqWXPZLkdyRf8gFE+u8+cyHkQgck4X1gWz/D1QmNJrv\nwvn2U+3BxEhc4pYEHIo6nFOcX8VwoICbX0S4amuatCaHshesq1bhN1UBKZVO4H9C\nnqhPWnOjx1iyGUyLkz3d/OPOTs6QvaTCQfTEWhNQM+9pmnzGGFsdvcFGNEC8j/FY\n6+/QaXsEdR6WpETFAF4NnHRC9f/pm9AzVy1T4DdXybjcEQqP+3B21L++lq7s5FyM\n/4VErUf2nq7HfqqbIXTwm7IZzN0S3ae82eXqgTsIuXMCggEAY61357oimmJ2Du9D\nRfqoXzKR8yevBVow8ZT3DthtEV+d0DoN4XOeEc3xfxh69K1O9VdahmQbcxKLHXsj\nTKLvPs14kBLjO9uBOYWgrMRQPggU781zBNAWYJWi1+JsNg38eOAmlXGRQv8jxMYz\nvpwq5J4pw2t6vpkiUs2Edq3l9Rha2Z7op3NBWNW8zRlCQdutfonGnur2d0EOv/jz\nJYUIfD02kSr7tDMGUOTspUtAYReK2kLvJqDSfuytnFw9f4T4mY1sOrelGSLUaz+N\nCF+6gFOdVV/VGD7Kqy/lC7OhA8zN9260s9p/IhQeqE+LiHkqakt7gJpYcUN4nmf6\ntU8a2QKCAQEAlsS+9mqJ+k/Dj/WhlEotA3KyugnHcjCky1gdW4GvuRIH+uE7NfBb\n0DLSH6WHmHiAH3HkGvC2uWTLISennSmTlOcDXF+EN1hYfHmBYblcabmY/irHHBuD\ndJgpXjgrBlpEjhcxNTJXqgFI0A71dXLao7nAH9MfQKfmv/r1UsbgsFcoTs8ZSR4r\n4A7Rk/giWKfkIj4nmJpLKROpiw7VnXylnHHAbC3P41Zk+phDL+2usrATxU64QJll\ne2ZytXBH0CFlAUhjZQf8M5ICHteAM8J/NNOD0Pi3/POp79SagHaumHt7r2FrHuy5\nKXeajfyieL9NeZl8+PADiC03vPZEEO6eXwKCAQEAo1JnL7g9mPPBG+VmVfg3prSI\nzMI4ciTs7ctBiDFhvDLwj0ZpafyCFSkSxLiq+UOTKP+whfYa2LsN5ijB01PDLCaz\n9ImjgT8hWBgLEy6PrlQAwTNZiYprxnI+tU3tE+5O3RM2qTGCLRoqqcLbBw4VPY3K\nWKBR8SJUGq0XcSKreIgBvJ5EGD9vi7CFnzrFxdZJxf5WTBWek8xqnBxrpQAn0DwN\n1eMPQ4Kcq8hihzK4E1dzwOQNYapRjGH9WVb9RksNFEwnMbKPSjHAHRR6bulm6plN\nR3gCxvJx4gq5EZkf4RlwRKKrdEC/agVvcgyAsHX9bsFIfN6NmkGcZz9yPsr7UQ==\n-----END RSA PRIVATE KEY-----\n",
            "private_key_pem_pkcs8": "-----BEGIN PRIVATE KEY-----\nMIIJRAIBADANBgkqhkiG9w0BAQEFAASCCS4wggkqAgEAAoICAQCzJH7c9PrMqpMj\n1OE29xe5ve91UW6qUOseFaD1WVOZ+gsILm+xAFyl4C1Z4E17ZiVEnbRbrXZTVqyl\nbvNaSEmMcewa9nktVx3HKWYjPXVU2HL8VWR3A98umAp936PyGIr0vyEmliiwn7fJ\nLLwczxcr7vQKc6zCJyQtRTTCEM2x128GjkI8BreRHAEtNO3TkWA39r5cMwv33zF5\nWbZ6IPVaMGGdwaEWGg/m/DhiAqkDlxm3UD2CNuyrX7R2ZZ0oQ5++8m0k3ZL+eAYE\nTYPRoQxKiBAI3aLWUlOu1kNa/qYtBghTANe87w3BLPZWs8dmraI0FS4acAQq5Wyf\nxOOF335uzpTJgmrfh9KmB6GJgZjaWReEE0v3SwC4No5TCr8HXT7phPPTJ318Cipi\nI3y+UfMf+f5qIsXe80YrYRFePERKl2r+Eu6ZzLeKVk39L5ML5+0qWCBorWnmni/6\n6PLsQL6m2DkXgdt/Lmi826Nl3dMty1Yfo0g+YKpW3T5CpVXGuFkzE5VE+QaLimg1\ngU+RCnv4mFss/+Vw59XFZYvSFnNxD+Ftwe+PJcfku4cnq5jvXAlzVObiuySwa4GG\n/mfiIk0Lc2PzY5E5kPsaCuy65BGEkJGFqMNmXDqpo8NGtnWyeWgtOGePGbi99XVA\n2Xc3UlHOSo6PM7gGvVs0jFmn+TyvcQIDAQABAoICAQCappoCpFbTUzpdR4z5x4yq\n5AaSMC+qRtsDCMcAqBHdLphRgs0Xb+mLpaFhIpuhOQhZWQ/3ySMKRRwcYVEikp8z\n6LFcgYURGFDzu5CaQZdGHOn/XrSxbh1A+y6rheLhwEBNk6bJyf3spKWjvcPT1w/4\n9Hunfj8ZCXNYxZMLKjh5HDOT5EHX0jCszBFT9oqOB8WZ6qBhtgvR+9OZIFLA0i0d\npADRkPRAwVUTIpCGRCemms4vi8zd2g6sz51aTNTEisSgsmZ42fPpTLJdCpIO6cpT\nmWzGSpgmD8KAgCZ7qrTIz5lmFqcoSvOD3g33wZIV2TXbYqF/X06pvY/tyaplyxA4\no79/FfHYiPe2ohBr1lJos14g1Uv6DYlXc8DwX81u+IUbwAYlv6YzEkPCF+BP1v9Q\nBkJpXZy1x52u+rJ9C253aUNlIIKHWoWMZJqp6CuYpKUmZfWeuhVf45L7ecXPlhFU\nKQbmktVsrJlMVv21l9xkrCqf161J6M5gqcL3cgeuzS1WBNWAo8ihmCFAl/O0LGU5\niLC9Z9yuUkWZb8qt7vkF1vfmPOhVg/2FzNO4RG17TNh5g+nLtXZs89LziSt2UQkh\nyoUjoqJwie4ue3JzhbC5Mtx1Ikmf5wGchpxI4lrWs/k0fKw0SeSAZrnbZ4hjo+q6\nglo5BMBWVkUwHGlt8imPdQKCAQEAxptQtDWA1DyGQLvuW5MmJsBX9jy5hlhHErG1\nICfRQOKC8NZsfekFTbS/gI9pLG19NAI9j9nolQuZI7HtMcRBo+KrJUrGLYFk0GPT\nr7fAAq4NUtyACH38VOXIQQuFCBSRISEmzZkhERg+C7iWOBl6UxGjrJtF6G6Wtd9+\nBk6dHcfGW8qYSTDqNUqLDvWgwn9zPMulCYH03zbO6Z0WD5FHRYARi8O0J9bc4duu\nQ55KAP7g+am2amjcqbns9IbRHPDm3WWRK6V3VfSWKq6XbSfHNx7VczK7yjvb1vzb\ngori4w+sWYKhuHO14PSUiPe3thEFScxNrOwtS1bXotttqFiKiwKCAQEA5uk/Jycl\nczFZdKY0dGU1edVPODWQl6up5hnWQFrPjT2uOUjKWW/RlCBLuulHl+dnOpZc9kuR\n3JF/yAUT67z5zIeRCByThfWBbP8PVCY0mu/C+fZT7cHESFzilgQcijqcU5xfxXCg\ngJtfRLhqa5q0JoeyF6yrVuE3VQEplU7gf0KeqE9ac6PHWLIZTIuTPd38485OzpC9\npMJB9MRaE1Az72mafMYYWx29wUY0QLyP8Vjr79BpewR1HpakRMUAXg2cdEL1/+mb\n0DNXLVPgN1fJuNwRCo/7cHbUv76WruzkXIz/hUStR/aersd+qpshdPCbshnM3RLd\np7zZ5eqBOwi5cwKCAQBjrXfnuiKaYnYO70NF+qhfMpHzJ68FWjDxlPcO2G0RX53Q\nOg3hc54RzfF/GHr0rU71V1qGZBtzEosdeyNMou8+zXiQEuM724E5haCsxFA+CBTv\nzXME0BZglaLX4mw2Dfx44CaVcZFC/yPExjO+nCrkninDa3q+mSJSzYR2reX1GFrZ\nnuinc0FY1bzNGUJB261+icae6vZ3QQ6/+PMlhQh8PTaRKvu0MwZQ5OylS0BhF4ra\nQu8moNJ+7K2cXD1/hPiZjWw6t6UZItRrP40IX7qAU51VX9UYPsqrL+ULs6EDzM33\nbrSz2n8iFB6oT4uIeSpqS3uAmlhxQ3ieZ/q1TxrZAoIBAQCWxL72aon6T8OP9aGU\nSi0DcrK6CcdyMKTLWB1bga+5Egf64Ts18FvQMtIfpYeYeIAfceQa8La5ZMshJ6ed\nKZOU5wNcX4Q3WFh8eYFhuVxpuZj+KsccG4N0mCleOCsGWkSOFzE1MleqAUjQDvV1\nctqjucAf0x9Ap+a/+vVSxuCwVyhOzxlJHivgDtGT+CJYp+QiPieYmkspE6mLDtWd\nfKWcccBsLc/jVmT6mEMv7a6ysBPFTrhAmWV7ZnK1cEfQIWUBSGNlB/wzkgIe14Az\nwn8004PQ+Lf886nv1JqAdq6Ye3uvYWse7Lkpd5qN/KJ4v015mXz48AOILTe89kQQ\n7p5fAoIBAQCjUmcvuD2Y88Eb5WZV+DemtIjMwjhyJOzty0GIMWG8MvCPRmlp/IIV\nKRLEuKr5Q5Mo/7CF9hrYuw3mKMHTU8MsJrP0iaOBPyFYGAsTLo+uVADBM1mJimvG\ncj61Te0T7k7dEzapMYItGiqpwtsHDhU9jcpYoFHxIlQarRdxIqt4iAG8nkQYP2+L\nsIWfOsXF1knF/lZMFZ6TzGqcHGulACfQPA3V4w9DgpyryGKHMrgTV3PA5A1hqlGM\nYf1ZVv1GSw0UTCcxso9KMcAdFHpu6WbqmU1HeALG8nHiCrkRmR/hGXBEoqt0QL9q\nBW9yDICwdf1uwUh83o2aQZxnP3I+yvtR\n-----END PRIVATE KEY-----\n",
            "public_key_fingerprint_md5": "8e:a0:9a:2d:ca:52:f4:12:57:5d:34:bd:03:96:9c:03",
            "public_key_fingerprint_sha256": "SHA256:j8BK8gRLr/VYJOSCD66uqy7WNyhvKumbvRyILv9XYxE",
            "public_key_openssh": "ssh-rsa AAAAB3NzaC1yc2EAAAADAQABAAACAQCzJH7c9PrMqpMj1OE29xe5ve91UW6qUOseFaD1WVOZ+gsILm+xAFyl4C1Z4E17ZiVEnbRbrXZTVqylbvNaSEmMcewa9nktVx3HKWYjPXVU2HL8VWR3A98umAp936PyGIr0vyEmliiwn7fJLLwczxcr7vQKc6zCJyQtRTTCEM2x128GjkI8BreRHAEtNO3TkWA39r5cMwv33zF5WbZ6IPVaMGGdwaEWGg/m/DhiAqkDlxm3UD2CNuyrX7R2ZZ0oQ5++8m0k3ZL+eAYETYPRoQxKiBAI3aLWUlOu1kNa/qYtBghTANe87w3BLPZWs8dmraI0FS4acAQq5WyfxOOF335uzpTJgmrfh9KmB6GJgZjaWReEE0v3SwC4No5TCr8HXT7phPPTJ318CipiI3y+UfMf+f5qIsXe80YrYRFePERKl2r+Eu6ZzLeKVk39L5ML5+0qWCBorWnmni/66PLsQL6m2DkXgdt/Lmi826Nl3dMty1Yfo0g+YKpW3T5CpVXGuFkzE5VE+QaLimg1gU+RCnv4mFss/+Vw59XFZYvSFnNxD+Ftwe+PJcfku4cnq5jvXAlzVObiuySwa4GG/mfiIk0Lc2PzY5E5kPsaCuy65BGEkJGFqMNmXDqpo8NGtnWyeWgtOGePGbi99XVA2Xc3UlHOSo6PM7gGvVs0jFmn+TyvcQ==\n",
            "public_key_pem": "-----BEGIN PUBLIC KEY-----\nMIICIjANBgkqhkiG9w0BAQEFAAOCAg8AMIICCgKCAgEAsyR+3PT6zKqTI9ThNvcX\nub3vdVFuqlDrHhWg9VlTmfoLCC5vsQBcpeAtWeBNe2YlRJ20W612U1aspW7zWkhJ\njHHsGvZ5LVcdxylmIz11VNhy/FVkdwPfLpgKfd+j8hiK9L8hJpYosJ+3ySy8HM8X\nK+70CnOswickLUU0whDNsddvBo5CPAa3kRwBLTTt05FgN/a+XDML998xeVm2eiD1\nWjBhncGhFhoP5vw4YgKpA5cZt1A9gjbsq1+0dmWdKEOfvvJtJN2S/ngGBE2D0aEM\nSogQCN2i1lJTrtZDWv6mLQYIUwDXvO8NwSz2VrPHZq2iNBUuGnAEKuVsn8Tjhd9+\nbs6UyYJq34fSpgehiYGY2lkXhBNL90sAuDaOUwq/B10+6YTz0yd9fAoqYiN8vlHz\nH/n+aiLF3vNGK2ERXjxESpdq/hLumcy3ilZN/S+TC+ftKlggaK1p5p4v+ujy7EC+\nptg5F4Hbfy5ovNujZd3TLctWH6NIPmCqVt0+QqVVxrhZMxOVRPkGi4poNYFPkQp7\n+JhbLP/lcOfVxWWL0hZzcQ/hbcHvjyXH5LuHJ6uY71wJc1Tm4rsksGuBhv5n4iJN\nC3Nj82OROZD7GgrsuuQRhJCRhajDZlw6qaPDRrZ1snloLThnjxm4vfV1QNl3N1JR\nzkqOjzO4Br1bNIxZp/k8r3ECAwEAAQ==\n-----END PUBLIC KEY-----\n",
            "rsa_bits": 4096
          },
          "sensitive_attributes": []
        }
      ]
    }
  ],
  "check_results": null
}
